
Microsoft Visual Studio Solution File, Format Version 12.00
# Visual Studio Version 17
VisualStudioVersion = 17.5.33516.290
MinimumVisualStudioVersion = 10.0.40219.1
Project("{8BC9CEB8-8B4A-11D0-8D11-00A0C91BC942}") = "ab", "Projects_Tools\ab.vcxproj", "{24EC61A4-9295-58C3-75AF-489518C01E4D}"
EndProject
Project("{8BC9CEB8-8B4A-11D0-8D11-00A0C91BC942}") = "htcacheclean", "Projects_Tools\htcacheclean.vcxproj", "{68B8764A-1109-FC51-538C-6461F6CF2783}"
EndProject
Project("{8BC9CEB8-8B4A-11D0-8D11-00A0C91BC942}") = "htdbm", "Projects_Tools\htdbm.vcxproj", "{00F069C1-B8A6-7052-3AAA-A3BBF4476960}"
EndProject
Project("{8BC9CEB8-8B4A-11D0-8D11-00A0C91BC942}") = "htdigest", "Projects_Tools\htdigest.vcxproj", "{574E63BC-2432-8645-E729-17DB0305857C}"
EndProject
Project("{8BC9CEB8-8B4A-11D0-8D11-00A0C91BC942}") = "htpasswd", "Projects_Tools\htpasswd.vcxproj", "{71457952-F924-EC8F-BF23-B22F2DC67006}"
EndProject
Project("{8BC9CEB8-8B4A-11D0-8D11-00A0C91BC942}") = "httxt2dbm", "Projects_Tools\httxt2dbm.vcxproj", "{2CF48249-CF09-7E67-15F2-F9341FCCE8F3}"
EndProject
Project("{8BC9CEB8-8B4A-11D0-8D11-00A0C91BC942}") = "logresolve", "Projects_Tools\logresolve.vcxproj", "{EB8EBB47-B7A1-B3FA-13CC-94FDBCA0AE71}"
EndProject
Project("{8BC9CEB8-8B4A-11D0-8D11-00A0C91BC942}") = "rotatelogs", "Projects_Tools\rotatelogs.vcxproj", "{7A6579ED-BBBB-1D12-CA7F-907498D936AC}"
EndProject
Project("{8BC9CEB8-8B4A-11D0-8D11-00A0C91BC942}") = "abs", "Projects_Tools\abs.vcxproj", "{B7D2DA66-401D-2727-D973-1DFF8CF567F2}"
EndProject
Project("{8BC9CEB8-8B4A-11D0-8D11-00A0C91BC942}") = "wintty", "Projects_Tools\wintty.vcxproj", "{0D78F72B-6E98-277A-2034-BBCC3D097ADE}"
EndProject
Project("{8BC9CEB8-8B4A-11D0-8D11-00A0C91BC942}") = "AM", "Projects_Tools\AM.vcxproj", "{BBED9119-B40A-B947-F01C-535529EAAA55}"
EndProject
Global
	GlobalSection(SolutionConfigurationPlatforms) = preSolution
		Release|ARM = Release|ARM
		Release|ARM64 = Release|ARM64
		Release|ARM64EC = Release|ARM64EC
		Release|Itanium = Release|Itanium
		Release|x64 = Release|x64
		Release|x86 = Release|x86
	EndGlobalSection
	GlobalSection(ProjectConfigurationPlatforms) = postSolution
		{24EC61A4-9295-58C3-75AF-489518C01E4D}.Release|ARM.ActiveCfg = Release|ARM
		{24EC61A4-9295-58C3-75AF-489518C01E4D}.Release|ARM.Build.0 = Release|ARM
		{24EC61A4-9295-58C3-75AF-489518C01E4D}.Release|ARM64.ActiveCfg = Release|ARM64
		{24EC61A4-9295-58C3-75AF-489518C01E4D}.Release|ARM64.Build.0 = Release|ARM64
		{24EC61A4-9295-58C3-75AF-489518C01E4D}.Release|ARM64EC.ActiveCfg = Release|ARM64EC
		{24EC61A4-9295-58C3-75AF-489518C01E4D}.Release|ARM64EC.Build.0 = Release|ARM64EC
		{24EC61A4-9295-58C3-75AF-489518C01E4D}.Release|Itanium.ActiveCfg = Release|Itanium
		{24EC61A4-9295-58C3-75AF-489518C01E4D}.Release|Itanium.Build.0 = Release|Itanium
		{24EC61A4-9295-58C3-75AF-489518C01E4D}.Release|x64.ActiveCfg = Release|x64
		{24EC61A4-9295-58C3-75AF-489518C01E4D}.Release|x64.Build.0 = Release|x64
		{24EC61A4-9295-58C3-75AF-489518C01E4D}.Release|x86.ActiveCfg = Release|Win32
		{24EC61A4-9295-58C3-75AF-489518C01E4D}.Release|x86.Build.0 = Release|Win32
		{68B8764A-1109-FC51-538C-6461F6CF2783}.Release|ARM.ActiveCfg = Release|ARM
		{68B8764A-1109-FC51-538C-6461F6CF2783}.Release|ARM.Build.0 = Release|ARM
		{68B8764A-1109-FC51-538C-6461F6CF2783}.Release|ARM64.ActiveCfg = Release|ARM64
		{68B8764A-1109-FC51-538C-6461F6CF2783}.Release|ARM64.Build.0 = Release|ARM64
		{68B8764A-1109-FC51-538C-6461F6CF2783}.Release|ARM64EC.ActiveCfg = Release|ARM64EC
		{68B8764A-1109-FC51-538C-6461F6CF2783}.Release|ARM64EC.Build.0 = Release|ARM64EC
		{68B8764A-1109-FC51-538C-6461F6CF2783}.Release|Itanium.ActiveCfg = Release|Itanium
		{68B8764A-1109-FC51-538C-6461F6CF2783}.Release|Itanium.Build.0 = Release|Itanium
		{68B8764A-1109-FC51-538C-6461F6CF2783}.Release|x64.ActiveCfg = Release|x64
		{68B8764A-1109-FC51-538C-6461F6CF2783}.Release|x64.Build.0 = Release|x64
		{68B8764A-1109-FC51-538C-6461F6CF2783}.Release|x86.ActiveCfg = Release|Win32
		{68B8764A-1109-FC51-538C-6461F6CF2783}.Release|x86.Build.0 = Release|Win32
		{00F069C1-B8A6-7052-3AAA-A3BBF4476960}.Release|ARM.ActiveCfg = Release|ARM
		{00F069C1-B8A6-7052-3AAA-A3BBF4476960}.Release|ARM.Build.0 = Release|ARM
		{00F069C1-B8A6-7052-3AAA-A3BBF4476960}.Release|ARM64.ActiveCfg = Release|ARM64
		{00F069C1-B8A6-7052-3AAA-A3BBF4476960}.Release|ARM64.Build.0 = Release|ARM64
		{00F069C1-B8A6-7052-3AAA-A3BBF4476960}.Release|ARM64EC.ActiveCfg = Release|ARM64EC
		{00F069C1-B8A6-7052-3AAA-A3BBF4476960}.Release|ARM64EC.Build.0 = Release|ARM64EC
		{00F069C1-B8A6-7052-3AAA-A3BBF4476960}.Release|Itanium.ActiveCfg = Release|Itanium
		{00F069C1-B8A6-7052-3AAA-A3BBF4476960}.Release|Itanium.Build.0 = Release|Itanium
		{00F069C1-B8A6-7052-3AAA-A3BBF4476960}.Release|x64.ActiveCfg = Release|x64
		{00F069C1-B8A6-7052-3AAA-A3BBF4476960}.Release|x64.Build.0 = Release|x64
		{00F069C1-B8A6-7052-3AAA-A3BBF4476960}.Release|x86.ActiveCfg = Release|Win32
		{00F069C1-B8A6-7052-3AAA-A3BBF4476960}.Release|x86.Build.0 = Release|Win32
		{574E63BC-2432-8645-E729-17DB0305857C}.Release|ARM.ActiveCfg = Release|ARM
		{574E63BC-2432-8645-E729-17DB0305857C}.Release|ARM.Build.0 = Release|ARM
		{574E63BC-2432-8645-E729-17DB0305857C}.Release|ARM64.ActiveCfg = Release|ARM64
		{574E63BC-2432-8645-E729-17DB0305857C}.Release|ARM64.Build.0 = Release|ARM64
		{574E63BC-2432-8645-E729-17DB0305857C}.Release|ARM64EC.ActiveCfg = Release|ARM64EC
		{574E63BC-2432-8645-E729-17DB0305857C}.Release|ARM64EC.Build.0 = Release|ARM64EC
		{574E63BC-2432-8645-E729-17DB0305857C}.Release|Itanium.ActiveCfg = Release|Itanium
		{574E63BC-2432-8645-E729-17DB0305857C}.Release|Itanium.Build.0 = Release|Itanium
		{574E63BC-2432-8645-E729-17DB0305857C}.Release|x64.ActiveCfg = Release|x64
		{574E63BC-2432-8645-E729-17DB0305857C}.Release|x64.Build.0 = Release|x64
		{574E63BC-2432-8645-E729-17DB0305857C}.Release|x86.ActiveCfg = Release|Win32
		{574E63BC-2432-8645-E729-17DB0305857C}.Release|x86.Build.0 = Release|Win32
		{71457952-F924-EC8F-BF23-B22F2DC67006}.Release|ARM.ActiveCfg = Release|ARM
		{71457952-F924-EC8F-BF23-B22F2DC67006}.Release|ARM.Build.0 = Release|ARM
		{71457952-F924-EC8F-BF23-B22F2DC67006}.Release|ARM64.ActiveCfg = Release|ARM64
		{71457952-F924-EC8F-BF23-B22F2DC67006}.Release|ARM64.Build.0 = Release|ARM64
		{71457952-F924-EC8F-BF23-B22F2DC67006}.Release|ARM64EC.ActiveCfg = Release|ARM64EC
		{71457952-F924-EC8F-BF23-B22F2DC67006}.Release|ARM64EC.Build.0 = Release|ARM64EC
		{71457952-F924-EC8F-BF23-B22F2DC67006}.Release|Itanium.ActiveCfg = Release|Itanium
		{71457952-F924-EC8F-BF23-B22F2DC67006}.Release|Itanium.Build.0 = Release|Itanium
		{71457952-F924-EC8F-BF23-B22F2DC67006}.Release|x64.ActiveCfg = Release|x64
		{71457952-F924-EC8F-BF23-B22F2DC67006}.Release|x64.Build.0 = Release|x64
		{71457952-F924-EC8F-BF23-B22F2DC67006}.Release|x86.ActiveCfg = Release|Win32
		{71457952-F924-EC8F-BF23-B22F2DC67006}.Release|x86.Build.0 = Release|Win32
		{2CF48249-CF09-7E67-15F2-F9341FCCE8F3}.Release|ARM.ActiveCfg = Release|ARM
		{2CF48249-CF09-7E67-15F2-F9341FCCE8F3}.Release|ARM.Build.0 = Release|ARM
		{2CF48249-CF09-7E67-15F2-F9341FCCE8F3}.Release|ARM64.ActiveCfg = Release|ARM64
		{2CF48249-CF09-7E67-15F2-F9341FCCE8F3}.Release|ARM64.Build.0 = Release|ARM64
		{2CF48249-CF09-7E67-15F2-F9341FCCE8F3}.Release|ARM64EC.ActiveCfg = Release|ARM64EC
		{2CF48249-CF09-7E67-15F2-F9341FCCE8F3}.Release|ARM64EC.Build.0 = Release|ARM64EC
		{2CF48249-CF09-7E67-15F2-F9341FCCE8F3}.Release|Itanium.ActiveCfg = Release|Itanium
		{2CF48249-CF09-7E67-15F2-F9341FCCE8F3}.Release|Itanium.Build.0 = Release|Itanium
		{2CF48249-CF09-7E67-15F2-F9341FCCE8F3}.Release|x64.ActiveCfg = Release|x64
		{2CF48249-CF09-7E67-15F2-F9341FCCE8F3}.Release|x64.Build.0 = Release|x64
		{2CF48249-CF09-7E67-15F2-F9341FCCE8F3}.Release|x86.ActiveCfg = Release|Win32
		{2CF48249-CF09-7E67-15F2-F9341FCCE8F3}.Release|x86.Build.0 = Release|Win32
		{EB8EBB47-B7A1-B3FA-13CC-94FDBCA0AE71}.Release|ARM.ActiveCfg = Release|ARM
		{EB8EBB47-B7A1-B3FA-13CC-94FDBCA0AE71}.Release|ARM.Build.0 = Release|ARM
		{EB8EBB47-B7A1-B3FA-13CC-94FDBCA0AE71}.Release|ARM64.ActiveCfg = Release|ARM64
		{EB8EBB47-B7A1-B3FA-13CC-94FDBCA0AE71}.Release|ARM64.Build.0 = Release|ARM64
		{EB8EBB47-B7A1-B3FA-13CC-94FDBCA0AE71}.Release|ARM64EC.ActiveCfg = Release|ARM64EC
		{EB8EBB47-B7A1-B3FA-13CC-94FDBCA0AE71}.Release|ARM64EC.Build.0 = Release|ARM64EC
		{EB8EBB47-B7A1-B3FA-13CC-94FDBCA0AE71}.Release|Itanium.ActiveCfg = Release|Itanium
		{EB8EBB47-B7A1-B3FA-13CC-94FDBCA0AE71}.Release|Itanium.Build.0 = Release|Itanium
		{EB8EBB47-B7A1-B3FA-13CC-94FDBCA0AE71}.Release|x64.ActiveCfg = Release|x64
		{EB8EBB47-B7A1-B3FA-13CC-94FDBCA0AE71}.Release|x64.Build.0 = Release|x64
		{EB8EBB47-B7A1-B3FA-13CC-94FDBCA0AE71}.Release|x86.ActiveCfg = Release|Win32
		{EB8EBB47-B7A1-B3FA-13CC-94FDBCA0AE71}.Release|x86.Build.0 = Release|Win32
		{7A6579ED-BBBB-1D12-CA7F-907498D936AC}.Release|ARM.ActiveCfg = Release|ARM
		{7A6579ED-BBBB-1D12-CA7F-907498D936AC}.Release|ARM.Build.0 = Release|ARM
		{7A6579ED-BBBB-1D12-CA7F-907498D936AC}.Release|ARM64.ActiveCfg = Release|ARM64
		{7A6579ED-BBBB-1D12-CA7F-907498D936AC}.Release|ARM64.Build.0 = Release|ARM64
		{7A6579ED-BBBB-1D12-CA7F-907498D936AC}.Release|ARM64EC.ActiveCfg = Release|ARM64EC
		{7A6579ED-BBBB-1D12-CA7F-907498D936AC}.Release|ARM64EC.Build.0 = Release|ARM64EC
		{7A6579ED-BBBB-1D12-CA7F-907498D936AC}.Release|Itanium.ActiveCfg = Release|Itanium
		{7A6579ED-BBBB-1D12-CA7F-907498D936AC}.Release|Itanium.Build.0 = Release|Itanium
		{7A6579ED-BBBB-1D12-CA7F-907498D936AC}.Release|x64.ActiveCfg = Release|x64
		{7A6579ED-BBBB-1D12-CA7F-907498D936AC}.Release|x64.Build.0 = Release|x64
		{7A6579ED-BBBB-1D12-CA7F-907498D936AC}.Release|x86.ActiveCfg = Release|Win32
		{7A6579ED-BBBB-1D12-CA7F-907498D936AC}.Release|x86.Build.0 = Release|Win32
		{B7D2DA66-401D-2727-D973-1DFF8CF567F2}.Release|ARM.ActiveCfg = Release|ARM
		{B7D2DA66-401D-2727-D973-1DFF8CF567F2}.Release|ARM.Build.0 = Release|ARM
		{B7D2DA66-401D-2727-D973-1DFF8CF567F2}.Release|ARM64.ActiveCfg = Release|ARM64
		{B7D2DA66-401D-2727-D973-1DFF8CF567F2}.Release|ARM64.Build.0 = Release|ARM64
		{B7D2DA66-401D-2727-D973-1DFF8CF567F2}.Release|ARM64EC.ActiveCfg = Release|ARM64EC
		{B7D2DA66-401D-2727-D973-1DFF8CF567F2}.Release|ARM64EC.Build.0 = Release|ARM64EC
		{B7D2DA66-401D-2727-D973-1DFF8CF567F2}.Release|Itanium.ActiveCfg = Release|Itanium
		{B7D2DA66-401D-2727-D973-1DFF8CF567F2}.Release|Itanium.Build.0 = Release|Itanium
		{B7D2DA66-401D-2727-D973-1DFF8CF567F2}.Release|x64.ActiveCfg = Release|x64
		{B7D2DA66-401D-2727-D973-1DFF8CF567F2}.Release|x64.Build.0 = Release|x64
		{B7D2DA66-401D-2727-D973-1DFF8CF567F2}.Release|x86.ActiveCfg = Release|Win32
		{B7D2DA66-401D-2727-D973-1DFF8CF567F2}.Release|x86.Build.0 = Release|Win32
		{0D78F72B-6E98-277A-2034-BBCC3D097ADE}.Release|ARM.ActiveCfg = Release|ARM
		{0D78F72B-6E98-277A-2034-BBCC3D097ADE}.Release|ARM.Build.0 = Release|ARM
		{0D78F72B-6E98-277A-2034-BBCC3D097ADE}.Release|ARM64.ActiveCfg = Release|ARM64
		{0D78F72B-6E98-277A-2034-BBCC3D097ADE}.Release|ARM64.Build.0 = Release|ARM64
		{0D78F72B-6E98-277A-2034-BBCC3D097ADE}.Release|ARM64EC.ActiveCfg = Release|ARM64EC
		{0D78F72B-6E98-277A-2034-BBCC3D097ADE}.Release|ARM64EC.Build.0 = Release|ARM64EC
		{0D78F72B-6E98-277A-2034-BBCC3D097ADE}.Release|Itanium.ActiveCfg = Release|Itanium
		{0D78F72B-6E98-277A-2034-BBCC3D097ADE}.Release|Itanium.Build.0 = Release|Itanium
		{0D78F72B-6E98-277A-2034-BBCC3D097ADE}.Release|x64.ActiveCfg = Release|x64
		{0D78F72B-6E98-277A-2034-BBCC3D097ADE}.Release|x64.Build.0 = Release|x64
		{0D78F72B-6E98-277A-2034-BBCC3D097ADE}.Release|x86.ActiveCfg = Release|Win32
		{0D78F72B-6E98-277A-2034-BBCC3D097ADE}.Release|x86.Build.0 = Release|Win32
		{BBED9119-B40A-B947-F01C-535529EAAA55}.Release|ARM.ActiveCfg = Release|ARM
		{BBED9119-B40A-B947-F01C-535529EAAA55}.Release|ARM.Build.0 = Release|ARM
		{BBED9119-B40A-B947-F01C-535529EAAA55}.Release|ARM64.ActiveCfg = Release|ARM64
		{BBED9119-B40A-B947-F01C-535529EAAA55}.Release|ARM64.Build.0 = Release|ARM64
		{BBED9119-B40A-B947-F01C-535529EAAA55}.Release|ARM64EC.ActiveCfg = Release|ARM64EC
		{BBED9119-B40A-B947-F01C-535529EAAA55}.Release|ARM64EC.Build.0 = Release|ARM64EC
		{BBED9119-B40A-B947-F01C-535529EAAA55}.Release|Itanium.ActiveCfg = Release|Itanium
		{BBED9119-B40A-B947-F01C-535529EAAA55}.Release|Itanium.Build.0 = Release|Itanium
		{BBED9119-B40A-B947-F01C-535529EAAA55}.Release|x64.ActiveCfg = Release|x64
		{BBED9119-B40A-B947-F01C-535529EAAA55}.Release|x64.Build.0 = Release|x64
		{BBED9119-B40A-B947-F01C-535529EAAA55}.Release|x86.ActiveCfg = Release|Win32
		{BBED9119-B40A-B947-F01C-535529EAAA55}.Release|x86.Build.0 = Release|Win32
	EndGlobalSection
	GlobalSection(SolutionProperties) = preSolution
		HideSolutionNode = FALSE
	EndGlobalSection
EndGlobal
