
Microsoft Visual Studio Solution File, Format Version 12.00
# Visual Studio Version 17
VisualStudioVersion = 17.5.33516.290
MinimumVisualStudioVersion = 10.0.40219.1
Project("{8BC9CEB8-8B4A-11D0-8D11-00A0C91BC942}") = "libapr-1", "Projects\libapr.vcxproj", "{C93A43B8-8FF5-CB17-8633-513CFDB1F91A}"
	ProjectSection(ProjectDependencies) = postProject
		{5D6E1106-E959-C928-2F6A-498CC2E63FC7} = {5D6E1106-E959-C928-2F6A-498CC2E63FC7}
	EndProjectSection
EndProject
Project("{8BC9CEB8-8B4A-11D0-8D11-00A0C91BC942}") = "libapr-gen_test_char", "Projects\libapr-gen_test_char.vcxproj", "{5D6E1106-E959-C928-2F6A-498CC2E63FC7}"
EndProject
Project("{8BC9CEB8-8B4A-11D0-8D11-00A0C91BC942}") = "libaprutil-1", "Projects\libaprutil.vcxproj", "{52258384-8AE2-23D1-DEF9-E3BA63704764}"
	ProjectSection(ProjectDependencies) = postProject
		{F811EA6E-561C-10F3-E009-17B4D53DC11B} = {F811EA6E-561C-10F3-E009-17B4D53DC11B}
	EndProjectSection
EndProject
Project("{8BC9CEB8-8B4A-11D0-8D11-00A0C91BC942}") = "libapriconv-1", "Projects\libapriconv.vcxproj", "{6868F7DF-C4D7-6AA6-7EA7-A9258D7960AA}"
	ProjectSection(ProjectDependencies) = postProject
		{C93A43B8-8FF5-CB17-8633-513CFDB1F91A} = {C93A43B8-8FF5-CB17-8633-513CFDB1F91A}
	EndProjectSection
EndProject
Project("{8BC9CEB8-8B4A-11D0-8D11-00A0C91BC942}") = "libaprutil-expat_xml", "Projects\libaprutil-expat_xml.vcxproj", "{F811EA6E-561C-10F3-E009-17B4D53DC11B}"
	ProjectSection(ProjectDependencies) = postProject
		{6868F7DF-C4D7-6AA6-7EA7-A9258D7960AA} = {6868F7DF-C4D7-6AA6-7EA7-A9258D7960AA}
	EndProjectSection
EndProject
Project("{8BC9CEB8-8B4A-11D0-8D11-00A0C91BC942}") = "libhttpd", "Projects\libhttpd.vcxproj", "{F40ECAEF-34C5-4EC3-06AA-ECA9061FAB1D}"
	ProjectSection(ProjectDependencies) = postProject
		{07B28376-86C4-E2E8-D1DE-09946DA2896A} = {07B28376-86C4-E2E8-D1DE-09946DA2896A}
		{52258384-8AE2-23D1-DEF9-E3BA63704764} = {52258384-8AE2-23D1-DEF9-E3BA63704764}
		{38C63D7D-0B80-5BF3-7865-D6FC4A3EB0F1} = {38C63D7D-0B80-5BF3-7865-D6FC4A3EB0F1}
	EndProjectSection
EndProject
Project("{8BC9CEB8-8B4A-11D0-8D11-00A0C91BC942}") = "libhttpd-gen_test_char", "Projects\libhttpd-gen_test_char.vcxproj", "{07B28376-86C4-E2E8-D1DE-09946DA2896A}"
EndProject
Project("{8BC9CEB8-8B4A-11D0-8D11-00A0C91BC942}") = "pcre", "..\srclib\pcre\BuildVS\pcre.vcxproj", "{38C63D7D-0B80-5BF3-7865-D6FC4A3EB0F1}"
EndProject
Project("{8BC9CEB8-8B4A-11D0-8D11-00A0C91BC942}") = "httpd", "Projects\httpd.vcxproj", "{E10895C8-14D3-6981-EE3A-73D36A6F6D42}"
	ProjectSection(ProjectDependencies) = postProject
		{F40ECAEF-34C5-4EC3-06AA-ECA9061FAB1D} = {F40ECAEF-34C5-4EC3-06AA-ECA9061FAB1D}
	EndProjectSection
EndProject
Global
	GlobalSection(SolutionConfigurationPlatforms) = preSolution
		Release|ARM = Release|ARM
		Release|ARM64 = Release|ARM64
		Release|ARM64EC = Release|ARM64EC
		Release|Itanium = Release|Itanium
		Release|x64 = Release|x64
		Release|x86 = Release|x86
	EndGlobalSection
	GlobalSection(ProjectConfigurationPlatforms) = postSolution
		{C93A43B8-8FF5-CB17-8633-513CFDB1F91A}.Release|ARM.ActiveCfg = Release|ARM
		{C93A43B8-8FF5-CB17-8633-513CFDB1F91A}.Release|ARM.Build.0 = Release|ARM
		{C93A43B8-8FF5-CB17-8633-513CFDB1F91A}.Release|ARM64.ActiveCfg = Release|ARM64
		{C93A43B8-8FF5-CB17-8633-513CFDB1F91A}.Release|ARM64.Build.0 = Release|ARM64
		{C93A43B8-8FF5-CB17-8633-513CFDB1F91A}.Release|ARM64EC.ActiveCfg = Release|ARM64EC
		{C93A43B8-8FF5-CB17-8633-513CFDB1F91A}.Release|ARM64EC.Build.0 = Release|ARM64EC
		{C93A43B8-8FF5-CB17-8633-513CFDB1F91A}.Release|Itanium.ActiveCfg = Release|Itanium
		{C93A43B8-8FF5-CB17-8633-513CFDB1F91A}.Release|Itanium.Build.0 = Release|Itanium
		{C93A43B8-8FF5-CB17-8633-513CFDB1F91A}.Release|x64.ActiveCfg = Release|x64
		{C93A43B8-8FF5-CB17-8633-513CFDB1F91A}.Release|x64.Build.0 = Release|x64
		{C93A43B8-8FF5-CB17-8633-513CFDB1F91A}.Release|x86.ActiveCfg = Release|Win32
		{C93A43B8-8FF5-CB17-8633-513CFDB1F91A}.Release|x86.Build.0 = Release|Win32
		{5D6E1106-E959-C928-2F6A-498CC2E63FC7}.Release|ARM.ActiveCfg = Release|Win32
		{5D6E1106-E959-C928-2F6A-498CC2E63FC7}.Release|ARM.Build.0 = Release|Win32
		{5D6E1106-E959-C928-2F6A-498CC2E63FC7}.Release|ARM64.ActiveCfg = Release|Win32
		{5D6E1106-E959-C928-2F6A-498CC2E63FC7}.Release|ARM64.Build.0 = Release|Win32
		{5D6E1106-E959-C928-2F6A-498CC2E63FC7}.Release|ARM64EC.ActiveCfg = Release|Win32
		{5D6E1106-E959-C928-2F6A-498CC2E63FC7}.Release|ARM64EC.Build.0 = Release|Win32
		{5D6E1106-E959-C928-2F6A-498CC2E63FC7}.Release|Itanium.ActiveCfg = Release|Win32
		{5D6E1106-E959-C928-2F6A-498CC2E63FC7}.Release|Itanium.Build.0 = Release|Win32
		{5D6E1106-E959-C928-2F6A-498CC2E63FC7}.Release|x64.ActiveCfg = Release|x64
		{5D6E1106-E959-C928-2F6A-498CC2E63FC7}.Release|x64.Build.0 = Release|x64
		{5D6E1106-E959-C928-2F6A-498CC2E63FC7}.Release|x86.ActiveCfg = Release|Win32
		{5D6E1106-E959-C928-2F6A-498CC2E63FC7}.Release|x86.Build.0 = Release|Win32
		{52258384-8AE2-23D1-DEF9-E3BA63704764}.Release|ARM.ActiveCfg = Release|ARM
		{52258384-8AE2-23D1-DEF9-E3BA63704764}.Release|ARM.Build.0 = Release|ARM
		{52258384-8AE2-23D1-DEF9-E3BA63704764}.Release|ARM64.ActiveCfg = Release|ARM64
		{52258384-8AE2-23D1-DEF9-E3BA63704764}.Release|ARM64.Build.0 = Release|ARM64
		{52258384-8AE2-23D1-DEF9-E3BA63704764}.Release|ARM64EC.ActiveCfg = Release|ARM64EC
		{52258384-8AE2-23D1-DEF9-E3BA63704764}.Release|ARM64EC.Build.0 = Release|ARM64EC
		{52258384-8AE2-23D1-DEF9-E3BA63704764}.Release|Itanium.ActiveCfg = Release|Itanium
		{52258384-8AE2-23D1-DEF9-E3BA63704764}.Release|Itanium.Build.0 = Release|Itanium
		{52258384-8AE2-23D1-DEF9-E3BA63704764}.Release|x64.ActiveCfg = Release|x64
		{52258384-8AE2-23D1-DEF9-E3BA63704764}.Release|x64.Build.0 = Release|x64
		{52258384-8AE2-23D1-DEF9-E3BA63704764}.Release|x86.ActiveCfg = Release|Win32
		{52258384-8AE2-23D1-DEF9-E3BA63704764}.Release|x86.Build.0 = Release|Win32
		{6868F7DF-C4D7-6AA6-7EA7-A9258D7960AA}.Release|ARM.ActiveCfg = Release|ARM
		{6868F7DF-C4D7-6AA6-7EA7-A9258D7960AA}.Release|ARM.Build.0 = Release|ARM
		{6868F7DF-C4D7-6AA6-7EA7-A9258D7960AA}.Release|ARM64.ActiveCfg = Release|ARM64
		{6868F7DF-C4D7-6AA6-7EA7-A9258D7960AA}.Release|ARM64.Build.0 = Release|ARM64
		{6868F7DF-C4D7-6AA6-7EA7-A9258D7960AA}.Release|ARM64EC.ActiveCfg = Release|ARM64EC
		{6868F7DF-C4D7-6AA6-7EA7-A9258D7960AA}.Release|ARM64EC.Build.0 = Release|ARM64EC
		{6868F7DF-C4D7-6AA6-7EA7-A9258D7960AA}.Release|Itanium.ActiveCfg = Release|Itanium
		{6868F7DF-C4D7-6AA6-7EA7-A9258D7960AA}.Release|Itanium.Build.0 = Release|Itanium
		{6868F7DF-C4D7-6AA6-7EA7-A9258D7960AA}.Release|x64.ActiveCfg = Release|x64
		{6868F7DF-C4D7-6AA6-7EA7-A9258D7960AA}.Release|x64.Build.0 = Release|x64
		{6868F7DF-C4D7-6AA6-7EA7-A9258D7960AA}.Release|x86.ActiveCfg = Release|Win32
		{6868F7DF-C4D7-6AA6-7EA7-A9258D7960AA}.Release|x86.Build.0 = Release|Win32
		{F811EA6E-561C-10F3-E009-17B4D53DC11B}.Release|ARM.ActiveCfg = Release|ARM
		{F811EA6E-561C-10F3-E009-17B4D53DC11B}.Release|ARM.Build.0 = Release|ARM
		{F811EA6E-561C-10F3-E009-17B4D53DC11B}.Release|ARM64.ActiveCfg = Release|ARM64
		{F811EA6E-561C-10F3-E009-17B4D53DC11B}.Release|ARM64.Build.0 = Release|ARM64
		{F811EA6E-561C-10F3-E009-17B4D53DC11B}.Release|ARM64EC.ActiveCfg = Release|ARM64EC
		{F811EA6E-561C-10F3-E009-17B4D53DC11B}.Release|ARM64EC.Build.0 = Release|ARM64EC
		{F811EA6E-561C-10F3-E009-17B4D53DC11B}.Release|Itanium.ActiveCfg = Release|Itanium
		{F811EA6E-561C-10F3-E009-17B4D53DC11B}.Release|Itanium.Build.0 = Release|Itanium
		{F811EA6E-561C-10F3-E009-17B4D53DC11B}.Release|x64.ActiveCfg = Release|x64
		{F811EA6E-561C-10F3-E009-17B4D53DC11B}.Release|x64.Build.0 = Release|x64
		{F811EA6E-561C-10F3-E009-17B4D53DC11B}.Release|x86.ActiveCfg = Release|Win32
		{F811EA6E-561C-10F3-E009-17B4D53DC11B}.Release|x86.Build.0 = Release|Win32
		{F40ECAEF-34C5-4EC3-06AA-ECA9061FAB1D}.Release|ARM.ActiveCfg = Release|ARM
		{F40ECAEF-34C5-4EC3-06AA-ECA9061FAB1D}.Release|ARM.Build.0 = Release|ARM
		{F40ECAEF-34C5-4EC3-06AA-ECA9061FAB1D}.Release|ARM64.ActiveCfg = Release|ARM64
		{F40ECAEF-34C5-4EC3-06AA-ECA9061FAB1D}.Release|ARM64.Build.0 = Release|ARM64
		{F40ECAEF-34C5-4EC3-06AA-ECA9061FAB1D}.Release|ARM64EC.ActiveCfg = Release|ARM64EC
		{F40ECAEF-34C5-4EC3-06AA-ECA9061FAB1D}.Release|ARM64EC.Build.0 = Release|ARM64EC
		{F40ECAEF-34C5-4EC3-06AA-ECA9061FAB1D}.Release|Itanium.ActiveCfg = Release|Itanium
		{F40ECAEF-34C5-4EC3-06AA-ECA9061FAB1D}.Release|Itanium.Build.0 = Release|Itanium
		{F40ECAEF-34C5-4EC3-06AA-ECA9061FAB1D}.Release|x64.ActiveCfg = Release|x64
		{F40ECAEF-34C5-4EC3-06AA-ECA9061FAB1D}.Release|x64.Build.0 = Release|x64
		{F40ECAEF-34C5-4EC3-06AA-ECA9061FAB1D}.Release|x86.ActiveCfg = Release|Win32
		{F40ECAEF-34C5-4EC3-06AA-ECA9061FAB1D}.Release|x86.Build.0 = Release|Win32
		{07B28376-86C4-E2E8-D1DE-09946DA2896A}.Release|ARM.ActiveCfg = Release|Win32
		{07B28376-86C4-E2E8-D1DE-09946DA2896A}.Release|ARM.Build.0 = Release|Win32
		{07B28376-86C4-E2E8-D1DE-09946DA2896A}.Release|ARM64.ActiveCfg = Release|Win32
		{07B28376-86C4-E2E8-D1DE-09946DA2896A}.Release|ARM64.Build.0 = Release|Win32
		{07B28376-86C4-E2E8-D1DE-09946DA2896A}.Release|ARM64EC.ActiveCfg = Release|Win32
		{07B28376-86C4-E2E8-D1DE-09946DA2896A}.Release|ARM64EC.Build.0 = Release|Win32
		{07B28376-86C4-E2E8-D1DE-09946DA2896A}.Release|Itanium.ActiveCfg = Release|Win32
		{07B28376-86C4-E2E8-D1DE-09946DA2896A}.Release|Itanium.Build.0 = Release|Win32
		{07B28376-86C4-E2E8-D1DE-09946DA2896A}.Release|x64.ActiveCfg = Release|x64
		{07B28376-86C4-E2E8-D1DE-09946DA2896A}.Release|x64.Build.0 = Release|x64
		{07B28376-86C4-E2E8-D1DE-09946DA2896A}.Release|x86.ActiveCfg = Release|Win32
		{07B28376-86C4-E2E8-D1DE-09946DA2896A}.Release|x86.Build.0 = Release|Win32
		{38C63D7D-0B80-5BF3-7865-D6FC4A3EB0F1}.Release|ARM.ActiveCfg = Release|ARM
		{38C63D7D-0B80-5BF3-7865-D6FC4A3EB0F1}.Release|ARM.Build.0 = Release|ARM
		{38C63D7D-0B80-5BF3-7865-D6FC4A3EB0F1}.Release|ARM64.ActiveCfg = Release|ARM64
		{38C63D7D-0B80-5BF3-7865-D6FC4A3EB0F1}.Release|ARM64.Build.0 = Release|ARM64
		{38C63D7D-0B80-5BF3-7865-D6FC4A3EB0F1}.Release|ARM64EC.ActiveCfg = Release|ARM64EC
		{38C63D7D-0B80-5BF3-7865-D6FC4A3EB0F1}.Release|ARM64EC.Build.0 = Release|ARM64EC
		{38C63D7D-0B80-5BF3-7865-D6FC4A3EB0F1}.Release|Itanium.ActiveCfg = Release|Itanium
		{38C63D7D-0B80-5BF3-7865-D6FC4A3EB0F1}.Release|Itanium.Build.0 = Release|Itanium
		{38C63D7D-0B80-5BF3-7865-D6FC4A3EB0F1}.Release|x64.ActiveCfg = Release|x64
		{38C63D7D-0B80-5BF3-7865-D6FC4A3EB0F1}.Release|x64.Build.0 = Release|x64
		{38C63D7D-0B80-5BF3-7865-D6FC4A3EB0F1}.Release|x86.ActiveCfg = Release|Win32
		{38C63D7D-0B80-5BF3-7865-D6FC4A3EB0F1}.Release|x86.Build.0 = Release|Win32
		{E10895C8-14D3-6981-EE3A-73D36A6F6D42}.Release|ARM.ActiveCfg = Release|ARM
		{E10895C8-14D3-6981-EE3A-73D36A6F6D42}.Release|ARM.Build.0 = Release|ARM
		{E10895C8-14D3-6981-EE3A-73D36A6F6D42}.Release|ARM64.ActiveCfg = Release|ARM64
		{E10895C8-14D3-6981-EE3A-73D36A6F6D42}.Release|ARM64.Build.0 = Release|ARM64
		{E10895C8-14D3-6981-EE3A-73D36A6F6D42}.Release|ARM64EC.ActiveCfg = Release|ARM64EC
		{E10895C8-14D3-6981-EE3A-73D36A6F6D42}.Release|ARM64EC.Build.0 = Release|ARM64EC
		{E10895C8-14D3-6981-EE3A-73D36A6F6D42}.Release|Itanium.ActiveCfg = Release|Itanium
		{E10895C8-14D3-6981-EE3A-73D36A6F6D42}.Release|Itanium.Build.0 = Release|Itanium
		{E10895C8-14D3-6981-EE3A-73D36A6F6D42}.Release|x64.ActiveCfg = Release|x64
		{E10895C8-14D3-6981-EE3A-73D36A6F6D42}.Release|x64.Build.0 = Release|x64
		{E10895C8-14D3-6981-EE3A-73D36A6F6D42}.Release|x86.ActiveCfg = Release|Win32
		{E10895C8-14D3-6981-EE3A-73D36A6F6D42}.Release|x86.Build.0 = Release|Win32
	EndGlobalSection
	GlobalSection(SolutionProperties) = preSolution
		HideSolutionNode = FALSE
	EndGlobalSection
EndGlobal
