
Microsoft Visual Studio Solution File, Format Version 11.00
# Visual Studio 2010
Project("{8BC9CEB8-8B4A-11D0-8D11-00A0C91BC942}") = "mod_access_compat", "Projects_Modules\mod_access_compat.vcxproj", "{CE726FCA-2AFC-B802-53A4-340AD2549CCD}"
EndProject
Project("{8BC9CEB8-8B4A-11D0-8D11-00A0C91BC942}") = "mod_allowmethods", "Projects_Modules\mod_allowmethods.vcxproj", "{1B812E32-3ED9-A1C7-3044-C60F0435EFB3}"
EndProject
Project("{8BC9CEB8-8B4A-11D0-8D11-00A0C91BC942}") = "mod_authnz_fcgi", "Projects_Modules\mod_authnz_fcgi.vcxproj", "{41EFCCAE-BB7E-A99D-05A8-BC3EB9EE75FA}"
EndProject
Project("{8BC9CEB8-8B4A-11D0-8D11-00A0C91BC942}") = "mod_authnz_ldap", "Projects_Modules\mod_authnz_ldap.vcxproj", "{A9718059-A653-7ED9-50BF-78A2CAEFAEC1}"
EndProject
Project("{8BC9CEB8-8B4A-11D0-8D11-00A0C91BC942}") = "mod_authn_anon", "Projects_Modules\mod_authn_anon.vcxproj", "{CB8273A6-3CAE-F62A-C945-93CC9D82C535}"
EndProject
Project("{8BC9CEB8-8B4A-11D0-8D11-00A0C91BC942}") = "mod_authn_core", "Projects_Modules\mod_authn_core.vcxproj", "{36C05F1F-A85D-47F3-0763-972A25FFC544}"
EndProject
Project("{8BC9CEB8-8B4A-11D0-8D11-00A0C91BC942}") = "mod_authn_dbd", "Projects_Modules\mod_authn_dbd.vcxproj", "{B9780E63-EA47-E797-AD03-3C44CB737F21}"
EndProject
Project("{8BC9CEB8-8B4A-11D0-8D11-00A0C91BC942}") = "mod_authn_dbm", "Projects_Modules\mod_authn_dbm.vcxproj", "{9DDD65AF-CD0B-B39A-F507-B0A01D711AD7}"
EndProject
Project("{8BC9CEB8-8B4A-11D0-8D11-00A0C91BC942}") = "mod_authn_file", "Projects_Modules\mod_authn_file.vcxproj", "{7B3681D0-3FF0-38EF-0896-C82A6FCD6D0D}"
EndProject
Project("{8BC9CEB8-8B4A-11D0-8D11-00A0C91BC942}") = "mod_authn_socache", "Projects_Modules\mod_authn_socache.vcxproj", "{DAD2AF57-9C59-55C1-37F1-05DB95ED24C6}"
EndProject
Project("{8BC9CEB8-8B4A-11D0-8D11-00A0C91BC942}") = "mod_authz_core", "Projects_Modules\mod_authz_core.vcxproj", "{7A924AA5-ABEE-2A51-658E-9DC04A8F02E7}"
EndProject
Project("{8BC9CEB8-8B4A-11D0-8D11-00A0C91BC942}") = "mod_authz_dbd", "Projects_Modules\mod_authz_dbd.vcxproj", "{775CC22F-5B0B-D434-E9B5-1F7EC85A8FDA}"
EndProject
Project("{8BC9CEB8-8B4A-11D0-8D11-00A0C91BC942}") = "mod_authz_dbm", "Projects_Modules\mod_authz_dbm.vcxproj", "{497BC3E0-2F3C-00B6-94AA-944A5ACA1325}"
EndProject
Project("{8BC9CEB8-8B4A-11D0-8D11-00A0C91BC942}") = "mod_authz_groupfile", "Projects_Modules\mod_authz_groupfile.vcxproj", "{A0F82BA1-023F-9AFD-3C08-A9BDB28EC045}"
EndProject
Project("{8BC9CEB8-8B4A-11D0-8D11-00A0C91BC942}") = "mod_authz_host", "Projects_Modules\mod_authz_host.vcxproj", "{AB20FD65-9C1D-7D3F-9CF2-C1134382305B}"
EndProject
Project("{8BC9CEB8-8B4A-11D0-8D11-00A0C91BC942}") = "mod_authz_owner", "Projects_Modules\mod_authz_owner.vcxproj", "{FEA8368A-22D7-5BA7-7AC6-2E8B6A583F4F}"
EndProject
Project("{8BC9CEB8-8B4A-11D0-8D11-00A0C91BC942}") = "mod_authz_user", "Projects_Modules\mod_authz_user.vcxproj", "{EFF1B44B-7F5B-18D3-6998-6EBDCC67E06D}"
EndProject
Project("{8BC9CEB8-8B4A-11D0-8D11-00A0C91BC942}") = "mod_auth_basic", "Projects_Modules\mod_auth_basic.vcxproj", "{E34FF30A-C7F5-90A8-81DF-5C8F7C67E75E}"
EndProject
Project("{8BC9CEB8-8B4A-11D0-8D11-00A0C91BC942}") = "mod_auth_digest", "Projects_Modules\mod_auth_digest.vcxproj", "{1020D919-8651-0989-F6F9-5F8348682700}"
EndProject
Project("{8BC9CEB8-8B4A-11D0-8D11-00A0C91BC942}") = "mod_auth_form", "Projects_Modules\mod_auth_form.vcxproj", "{016C4697-57B1-D51A-438B-16C9EDEC2648}"
EndProject
Project("{8BC9CEB8-8B4A-11D0-8D11-00A0C91BC942}") = "mod_netware", "Projects_Modules\mod_netware.vcxproj", "{E3A2BDE0-7538-971B-C13D-E2F7904195FF}"
EndProject
Project("{8BC9CEB8-8B4A-11D0-8D11-00A0C91BC942}") = "mod_nw_ssl", "Projects_Modules\mod_nw_ssl.vcxproj", "{5E832AF7-2B1C-DEE8-C12F-352E2F3170B2}"
EndProject
Project("{8BC9CEB8-8B4A-11D0-8D11-00A0C91BC942}") = "mod_privileges", "Projects_Modules\mod_privileges.vcxproj", "{416DF338-0991-A43C-AC32-B092C7F78B19}"
EndProject
Project("{8BC9CEB8-8B4A-11D0-8D11-00A0C91BC942}") = "mod_unixd", "Projects_Modules\mod_unixd.vcxproj", "{33B75347-BBF0-B90A-5364-9E12CA61263F}"
EndProject
Project("{8BC9CEB8-8B4A-11D0-8D11-00A0C91BC942}") = "mod_isapi", "Projects_Modules\mod_isapi.vcxproj", "{00077A21-B6EB-2A6D-7DCE-90462885B601}"
EndProject
Project("{8BC9CEB8-8B4A-11D0-8D11-00A0C91BC942}") = "mod_win32", "Projects_Modules\mod_win32.vcxproj", "{10069D75-C9DC-B886-23BE-CA306677637A}"
EndProject
Project("{8BC9CEB8-8B4A-11D0-8D11-00A0C91BC942}") = "mod_cache", "Projects_Modules\mod_cache.vcxproj", "{4B4CCE4C-42C2-903D-FF39-62DBB921A3CB}"
EndProject
Project("{8BC9CEB8-8B4A-11D0-8D11-00A0C91BC942}") = "mod_cache_disk", "Projects_Modules\mod_cache_disk.vcxproj", "{92BCF1BA-1C2F-0FE2-8031-F34D5AF56E77}"
	ProjectSection(ProjectDependencies) = postProject
		{4B4CCE4C-42C2-903D-FF39-62DBB921A3CB} = {4B4CCE4C-42C2-903D-FF39-62DBB921A3CB}
	EndProjectSection
EndProject
Project("{8BC9CEB8-8B4A-11D0-8D11-00A0C91BC942}") = "mod_cache_socache", "Projects_Modules\mod_cache_socache.vcxproj", "{DE53D653-AB3B-10EA-EBE1-26CDA8547383}"
	ProjectSection(ProjectDependencies) = postProject
		{4B4CCE4C-42C2-903D-FF39-62DBB921A3CB} = {4B4CCE4C-42C2-903D-FF39-62DBB921A3CB}
	EndProjectSection
EndProject
Project("{8BC9CEB8-8B4A-11D0-8D11-00A0C91BC942}") = "mod_file_cache", "Projects_Modules\mod_file_cache.vcxproj", "{6A0044B6-A9B1-8551-66BE-20E044CA1734}"
EndProject
Project("{8BC9CEB8-8B4A-11D0-8D11-00A0C91BC942}") = "mod_socache_dbm", "Projects_Modules\mod_socache_dbm.vcxproj", "{51E6C489-3565-60A3-9109-794FB8BB0F92}"
EndProject
Project("{8BC9CEB8-8B4A-11D0-8D11-00A0C91BC942}") = "mod_socache_dc", "Projects_Modules\mod_socache_dc.vcxproj", "{21252252-33DE-0FC6-2038-EDC2DB697D94}"
EndProject
Project("{8BC9CEB8-8B4A-11D0-8D11-00A0C91BC942}") = "mod_socache_memcache", "Projects_Modules\mod_socache_memcache.vcxproj", "{E7A60A82-F17C-C976-AC41-D8F290551571}"
EndProject
Project("{8BC9CEB8-8B4A-11D0-8D11-00A0C91BC942}") = "mod_socache_shmcb", "Projects_Modules\mod_socache_shmcb.vcxproj", "{AC21421C-0C0E-3A82-E73F-315E73D03A0E}"
EndProject
Project("{8BC9CEB8-8B4A-11D0-8D11-00A0C91BC942}") = "mod_heartbeat", "Projects_Modules\mod_heartbeat.vcxproj", "{38CD98CC-75EA-A315-B03D-062CC1515A67}"
	ProjectSection(ProjectDependencies) = postProject
		{6B3A9D16-B6A2-8D0A-8F0C-30D79416F891} = {6B3A9D16-B6A2-8D0A-8F0C-30D79416F891}
	EndProjectSection
EndProject
Project("{8BC9CEB8-8B4A-11D0-8D11-00A0C91BC942}") = "mod_heartmonitor", "Projects_Modules\mod_heartmonitor.vcxproj", "{55D79067-2869-127B-7477-CBA22B137D67}"
	ProjectSection(ProjectDependencies) = postProject
		{6B3A9D16-B6A2-8D0A-8F0C-30D79416F891} = {6B3A9D16-B6A2-8D0A-8F0C-30D79416F891}
	EndProjectSection
EndProject
Project("{8BC9CEB8-8B4A-11D0-8D11-00A0C91BC942}") = "mod_macro", "Projects_Modules\mod_macro.vcxproj", "{FA83F314-167C-94A1-DA0C-ADF897DB5E3F}"
EndProject
Project("{8BC9CEB8-8B4A-11D0-8D11-00A0C91BC942}") = "mod_so", "Projects_Modules\mod_so.vcxproj", "{69A4C6B3-9E21-118A-A1D2-11A76B27FD0E}"
EndProject
Project("{8BC9CEB8-8B4A-11D0-8D11-00A0C91BC942}") = "mod_watchdog", "Projects_Modules\mod_watchdog.vcxproj", "{6B3A9D16-B6A2-8D0A-8F0C-30D79416F891}"
EndProject
Project("{8BC9CEB8-8B4A-11D0-8D11-00A0C91BC942}") = "mod_dbd", "Projects_Modules\mod_dbd.vcxproj", "{42E0208C-0B7C-039B-B72A-6CE101B6239D}"
EndProject
Project("{8BC9CEB8-8B4A-11D0-8D11-00A0C91BC942}") = "mod_dav_fs", "Projects_Modules\mod_dav_fs.vcxproj", "{7C5A8442-CAB9-4413-2718-C742C63C6246}"
	ProjectSection(ProjectDependencies) = postProject
		{D5C646D4-1B18-25C7-AD88-49B3FB974DAD} = {D5C646D4-1B18-25C7-AD88-49B3FB974DAD}
	EndProjectSection
EndProject
Project("{8BC9CEB8-8B4A-11D0-8D11-00A0C91BC942}") = "mod_dav_lock", "Projects_Modules\mod_dav_lock.vcxproj", "{7E8C8443-5684-B1FB-D43F-F93F2781AB01}"
	ProjectSection(ProjectDependencies) = postProject
		{D5C646D4-1B18-25C7-AD88-49B3FB974DAD} = {D5C646D4-1B18-25C7-AD88-49B3FB974DAD}
	EndProjectSection
EndProject
Project("{8BC9CEB8-8B4A-11D0-8D11-00A0C91BC942}") = "mod_dav", "Projects_Modules\mod_dav.vcxproj", "{D5C646D4-1B18-25C7-AD88-49B3FB974DAD}"
EndProject
Project("{8BC9CEB8-8B4A-11D0-8D11-00A0C91BC942}") = "mod_bucketeer", "Projects_Modules\mod_bucketeer.vcxproj", "{C59FAB51-0044-C7D8-72CA-7AB4A66E2C87}"
EndProject
Project("{8BC9CEB8-8B4A-11D0-8D11-00A0C91BC942}") = "mod_dumpio", "Projects_Modules\mod_dumpio.vcxproj", "{2B8C26C5-2705-74F1-672D-45DBE9B7F807}"
EndProject
Project("{8BC9CEB8-8B4A-11D0-8D11-00A0C91BC942}") = "mod_echo", "Projects_Modules\mod_echo.vcxproj", "{F90312CA-8621-6286-45F3-95E1DB89AED1}"
EndProject
Project("{8BC9CEB8-8B4A-11D0-8D11-00A0C91BC942}") = "mod_case_filter", "Projects_Modules\mod_case_filter.vcxproj", "{24C590D4-8799-351A-B180-62B01C234307}"
EndProject
Project("{8BC9CEB8-8B4A-11D0-8D11-00A0C91BC942}") = "mod_case_filter_in", "Projects_Modules\mod_case_filter_in.vcxproj", "{FE047873-0E5F-1E41-B2E8-3DE88060A962}"
EndProject
Project("{8BC9CEB8-8B4A-11D0-8D11-00A0C91BC942}") = "mod_example_hooks", "Projects_Modules\mod_example_hooks.vcxproj", "{8203F01D-2398-A621-FDDE-11BF18EF336A}"
EndProject
Project("{8BC9CEB8-8B4A-11D0-8D11-00A0C91BC942}") = "mod_example_ipc", "Projects_Modules\mod_example_ipc.vcxproj", "{4B206CB4-D2A4-9FFD-A183-B88DA892705C}"
EndProject
Project("{8BC9CEB8-8B4A-11D0-8D11-00A0C91BC942}") = "mod_buffer", "Projects_Modules\mod_buffer.vcxproj", "{3CF4C031-451D-E200-979F-AFE5492A5B03}"
EndProject
Project("{8BC9CEB8-8B4A-11D0-8D11-00A0C91BC942}") = "mod_charset_lite", "Projects_Modules\mod_charset_lite.vcxproj", "{219B0283-5521-7C3F-E77F-12DA06513AAA}"
EndProject
Project("{8BC9CEB8-8B4A-11D0-8D11-00A0C91BC942}") = "mod_data", "Projects_Modules\mod_data.vcxproj", "{A856C598-DE3C-AC53-D16E-2E785AD95E8C}"
EndProject
Project("{8BC9CEB8-8B4A-11D0-8D11-00A0C91BC942}") = "mod_deflate", "Projects_Modules\mod_deflate.vcxproj", "{A0ED6DE8-3293-5E4E-E9B5-B0D891731E77}"
EndProject
Project("{8BC9CEB8-8B4A-11D0-8D11-00A0C91BC942}") = "mod_ext_filter", "Projects_Modules\mod_ext_filter.vcxproj", "{83B650C1-4734-9DC4-8186-6D91E3756662}"
EndProject
Project("{8BC9CEB8-8B4A-11D0-8D11-00A0C91BC942}") = "mod_filter", "Projects_Modules\mod_filter.vcxproj", "{10F324CC-5186-E3F9-9A19-940E7A31442B}"
EndProject
Project("{8BC9CEB8-8B4A-11D0-8D11-00A0C91BC942}") = "mod_include", "Projects_Modules\mod_include.vcxproj", "{1458BE15-8D7C-C04D-42D0-3A91138F0CA2}"
EndProject
Project("{8BC9CEB8-8B4A-11D0-8D11-00A0C91BC942}") = "mod_proxy_html", "Projects_Modules\mod_proxy_html.vcxproj", "{FB9C5131-032A-5A1B-8107-5D6D76455E79}"
	ProjectSection(ProjectDependencies) = postProject
		{F1EBC512-CCD4-3DE4-6BCF-27BC3DC6EE9C} = {F1EBC512-CCD4-3DE4-6BCF-27BC3DC6EE9C}
	EndProjectSection
EndProject
Project("{8BC9CEB8-8B4A-11D0-8D11-00A0C91BC942}") = "mod_ratelimit", "Projects_Modules\mod_ratelimit.vcxproj", "{E72CD504-BD3F-016C-F045-FE84F50C9825}"
EndProject
Project("{8BC9CEB8-8B4A-11D0-8D11-00A0C91BC942}") = "mod_reflector", "Projects_Modules\mod_reflector.vcxproj", "{658320DE-F006-3327-7BC0-3A5F95C8F29A}"
EndProject
Project("{8BC9CEB8-8B4A-11D0-8D11-00A0C91BC942}") = "mod_reqtimeout", "Projects_Modules\mod_reqtimeout.vcxproj", "{298F889A-0C6F-440F-7BCF-71E81BEDC543}"
EndProject
Project("{8BC9CEB8-8B4A-11D0-8D11-00A0C91BC942}") = "mod_request", "Projects_Modules\mod_request.vcxproj", "{0A3098ED-34DD-850F-F010-50C165E03F9B}"
EndProject
Project("{8BC9CEB8-8B4A-11D0-8D11-00A0C91BC942}") = "mod_sed", "Projects_Modules\mod_sed.vcxproj", "{7A4C7DEE-119A-3F5A-85A7-F44C242ECBB5}"
EndProject
Project("{8BC9CEB8-8B4A-11D0-8D11-00A0C91BC942}") = "mod_substitute", "Projects_Modules\mod_substitute.vcxproj", "{268BEBD6-F364-B3BE-F400-853393CB0FC1}"
EndProject
Project("{8BC9CEB8-8B4A-11D0-8D11-00A0C91BC942}") = "mod_xml2enc", "Projects_Modules\mod_xml2enc.vcxproj", "{1445397A-AEE0-6354-898C-285A4CCCBE99}"
EndProject
Project("{8BC9CEB8-8B4A-11D0-8D11-00A0C91BC942}") = "mod_asis", "Projects_Modules\mod_asis.vcxproj", "{DF6807A8-6C8D-F7CF-EA6B-4F803B2FA6A5}"
EndProject
Project("{8BC9CEB8-8B4A-11D0-8D11-00A0C91BC942}") = "mod_autoindex", "Projects_Modules\mod_autoindex.vcxproj", "{AFF320D8-D105-4E9A-27E3-B6369CCC4BB1}"
EndProject
Project("{8BC9CEB8-8B4A-11D0-8D11-00A0C91BC942}") = "mod_cgi", "Projects_Modules\mod_cgi.vcxproj", "{E0AF60D8-619B-57D5-A46F-B80D360FB799}"
EndProject
Project("{8BC9CEB8-8B4A-11D0-8D11-00A0C91BC942}") = "mod_cgid", "Projects_Modules\mod_cgid.vcxproj", "{0ACAB454-0854-B833-0753-33DA0436747A}"
EndProject
Project("{8BC9CEB8-8B4A-11D0-8D11-00A0C91BC942}") = "mod_info", "Projects_Modules\mod_info.vcxproj", "{808BE0A7-7179-9204-5565-5E6A192E7CA0}"
EndProject
Project("{8BC9CEB8-8B4A-11D0-8D11-00A0C91BC942}") = "mod_status", "Projects_Modules\mod_status.vcxproj", "{13E4FE60-F3DC-E249-D482-BA2F0DD844D4}"
EndProject
Project("{8BC9CEB8-8B4A-11D0-8D11-00A0C91BC942}") = "mod_suexec", "Projects_Modules\mod_suexec.vcxproj", "{29A88D74-BA90-44E1-5879-DF670B6C55E6}"
EndProject
Project("{8BC9CEB8-8B4A-11D0-8D11-00A0C91BC942}") = "mod_mime", "Projects_Modules\mod_mime.vcxproj", "{475BAB26-082A-CC21-0BAA-2C483ABAA710}"
EndProject
Project("{8BC9CEB8-8B4A-11D0-8D11-00A0C91BC942}") = "mod_http2", "Projects_Modules\mod_http2.vcxproj", "{B9A890ED-26DA-00E4-DCFE-4D61EBF74F97}"
EndProject
Project("{8BC9CEB8-8B4A-11D0-8D11-00A0C91BC942}") = "mod_logio", "Projects_Modules\mod_logio.vcxproj", "{6E6049C0-3BAA-ECD5-95AC-4D8DF3A11AF8}"
EndProject
Project("{8BC9CEB8-8B4A-11D0-8D11-00A0C91BC942}") = "mod_log_config", "Projects_Modules\mod_log_config.vcxproj", "{CE420241-F638-EF3C-5037-2B21E8FA4FD6}"
EndProject
Project("{8BC9CEB8-8B4A-11D0-8D11-00A0C91BC942}") = "mod_log_debug", "Projects_Modules\mod_log_debug.vcxproj", "{E30761FE-27A1-C5CC-E49E-752A6EEA26A8}"
EndProject
Project("{8BC9CEB8-8B4A-11D0-8D11-00A0C91BC942}") = "mod_log_forensic", "Projects_Modules\mod_log_forensic.vcxproj", "{24F084EF-9670-8270-3BAD-21FE287AAB49}"
EndProject
Project("{8BC9CEB8-8B4A-11D0-8D11-00A0C91BC942}") = "mod_lua", "Projects_Modules\mod_lua.vcxproj", "{708489C7-D87E-E570-7B41-88C1924C5107}"
EndProject
Project("{8BC9CEB8-8B4A-11D0-8D11-00A0C91BC942}") = "mod_actions", "Projects_Modules\mod_actions.vcxproj", "{EDCDFA5F-F402-E44B-64F3-7C3DAAF117BC}"
EndProject
Project("{8BC9CEB8-8B4A-11D0-8D11-00A0C91BC942}") = "mod_alias", "Projects_Modules\mod_alias.vcxproj", "{9D204BAE-B407-7C88-C2AE-CAD2359C0A76}"
EndProject
Project("{8BC9CEB8-8B4A-11D0-8D11-00A0C91BC942}") = "mod_dir", "Projects_Modules\mod_dir.vcxproj", "{730D5EF9-FA1E-05E0-3F65-FE69BF7F90CA}"
EndProject
Project("{8BC9CEB8-8B4A-11D0-8D11-00A0C91BC942}") = "mod_imagemap", "Projects_Modules\mod_imagemap.vcxproj", "{C20FF6A1-B094-0372-3C2A-36BFEE4AD461}"
EndProject
Project("{8BC9CEB8-8B4A-11D0-8D11-00A0C91BC942}") = "mod_negotiation", "Projects_Modules\mod_negotiation.vcxproj", "{9570C350-3D0B-FBC0-20C4-7C7BF7565288}"
EndProject
Project("{8BC9CEB8-8B4A-11D0-8D11-00A0C91BC942}") = "mod_rewrite", "Projects_Modules\mod_rewrite.vcxproj", "{69F92617-8655-4520-11AC-4A4E3F5AB788}"
EndProject
Project("{8BC9CEB8-8B4A-11D0-8D11-00A0C91BC942}") = "mod_speling", "Projects_Modules\mod_speling.vcxproj", "{512C0B7B-B4C3-4513-9D60-B5783013D3EA}"
EndProject
Project("{8BC9CEB8-8B4A-11D0-8D11-00A0C91BC942}") = "mod_userdir", "Projects_Modules\mod_userdir.vcxproj", "{2E8D71B2-A4FB-0A6D-A7B7-A755E72B909D}"
EndProject
Project("{8BC9CEB8-8B4A-11D0-8D11-00A0C91BC942}") = "mod_vhost_alias", "Projects_Modules\mod_vhost_alias.vcxproj", "{D10EBEFF-7610-FEE3-DA7A-9685FF0806E1}"
EndProject
Project("{8BC9CEB8-8B4A-11D0-8D11-00A0C91BC942}") = "mod_cern_meta", "Projects_Modules\mod_cern_meta.vcxproj", "{E148BA80-00E9-9323-CE8B-7B0321BA2CAD}"
EndProject
Project("{8BC9CEB8-8B4A-11D0-8D11-00A0C91BC942}") = "mod_env", "Projects_Modules\mod_env.vcxproj", "{32EB3207-ADC3-710D-9A38-E58ED1C0F649}"
EndProject
Project("{8BC9CEB8-8B4A-11D0-8D11-00A0C91BC942}") = "mod_expires", "Projects_Modules\mod_expires.vcxproj", "{1A0535E2-79BA-66C4-F55F-9CEE4C5C0248}"
EndProject
Project("{8BC9CEB8-8B4A-11D0-8D11-00A0C91BC942}") = "mod_headers", "Projects_Modules\mod_headers.vcxproj", "{95A7F751-31DB-255C-93D6-ADEEACE5B1A9}"
EndProject
Project("{8BC9CEB8-8B4A-11D0-8D11-00A0C91BC942}") = "mod_ident", "Projects_Modules\mod_ident.vcxproj", "{59B700F3-62C6-36C1-65CA-D5FCA9586001}"
EndProject
Project("{8BC9CEB8-8B4A-11D0-8D11-00A0C91BC942}") = "mod_mime_magic", "Projects_Modules\mod_mime_magic.vcxproj", "{0D2834DE-C11D-E105-EE0C-E3082F3A4A9D}"
EndProject
Project("{8BC9CEB8-8B4A-11D0-8D11-00A0C91BC942}") = "mod_remoteip", "Projects_Modules\mod_remoteip.vcxproj", "{363E283D-7A70-D41B-DCC8-B08472E5ED65}"
EndProject
Project("{8BC9CEB8-8B4A-11D0-8D11-00A0C91BC942}") = "mod_setenvif", "Projects_Modules\mod_setenvif.vcxproj", "{0267E313-A283-BB71-1FA3-7391D00C5AE2}"
EndProject
Project("{8BC9CEB8-8B4A-11D0-8D11-00A0C91BC942}") = "mod_unique_id", "Projects_Modules\mod_unique_id.vcxproj", "{E56706D6-991F-D563-83A0-B246BD5C9B08}"
EndProject
Project("{8BC9CEB8-8B4A-11D0-8D11-00A0C91BC942}") = "mod_usertrack", "Projects_Modules\mod_usertrack.vcxproj", "{47CA55F0-25F7-FF80-6B23-7BE8FC397BE5}"
EndProject
Project("{8BC9CEB8-8B4A-11D0-8D11-00A0C91BC942}") = "mod_version", "Projects_Modules\mod_version.vcxproj", "{0B1212FD-2033-B3DF-23AE-D833B1EFA22C}"
EndProject
Project("{8BC9CEB8-8B4A-11D0-8D11-00A0C91BC942}") = "mod_proxy", "Projects_Modules\mod_proxy.vcxproj", "{F1EBC512-CCD4-3DE4-6BCF-27BC3DC6EE9C}"
EndProject
Project("{8BC9CEB8-8B4A-11D0-8D11-00A0C91BC942}") = "mod_proxy_ajp", "Projects_Modules\mod_proxy_ajp.vcxproj", "{0423D393-3B2D-E083-B645-4BD670B02953}"
	ProjectSection(ProjectDependencies) = postProject
		{F1EBC512-CCD4-3DE4-6BCF-27BC3DC6EE9C} = {F1EBC512-CCD4-3DE4-6BCF-27BC3DC6EE9C}
	EndProjectSection
EndProject
Project("{8BC9CEB8-8B4A-11D0-8D11-00A0C91BC942}") = "mod_proxy_balancer", "Projects_Modules\mod_proxy_balancer.vcxproj", "{FDCACD9F-D335-DEFA-3E2E-3FF5715ED99C}"
	ProjectSection(ProjectDependencies) = postProject
		{F1EBC512-CCD4-3DE4-6BCF-27BC3DC6EE9C} = {F1EBC512-CCD4-3DE4-6BCF-27BC3DC6EE9C}
	EndProjectSection
EndProject
Project("{8BC9CEB8-8B4A-11D0-8D11-00A0C91BC942}") = "mod_proxy_connect", "Projects_Modules\mod_proxy_connect.vcxproj", "{2B5D97D8-80B2-9D1A-0FA7-C124A2AC68F5}"
	ProjectSection(ProjectDependencies) = postProject
		{F1EBC512-CCD4-3DE4-6BCF-27BC3DC6EE9C} = {F1EBC512-CCD4-3DE4-6BCF-27BC3DC6EE9C}
	EndProjectSection
EndProject
Project("{8BC9CEB8-8B4A-11D0-8D11-00A0C91BC942}") = "mod_proxy_express", "Projects_Modules\mod_proxy_express.vcxproj", "{3314F312-8875-7B46-D251-5125EBADC8EA}"
	ProjectSection(ProjectDependencies) = postProject
		{F1EBC512-CCD4-3DE4-6BCF-27BC3DC6EE9C} = {F1EBC512-CCD4-3DE4-6BCF-27BC3DC6EE9C}
	EndProjectSection
EndProject
Project("{8BC9CEB8-8B4A-11D0-8D11-00A0C91BC942}") = "mod_proxy_fcgi", "Projects_Modules\mod_proxy_fcgi.vcxproj", "{87637B11-C4D5-A865-4EDF-9677C8D6D97C}"
	ProjectSection(ProjectDependencies) = postProject
		{F1EBC512-CCD4-3DE4-6BCF-27BC3DC6EE9C} = {F1EBC512-CCD4-3DE4-6BCF-27BC3DC6EE9C}
	EndProjectSection
EndProject
Project("{8BC9CEB8-8B4A-11D0-8D11-00A0C91BC942}") = "mod_proxy_fdpass", "Projects_Modules\mod_proxy_fdpass.vcxproj", "{1878695B-0EDC-67DC-6140-A342F364120E}"
	ProjectSection(ProjectDependencies) = postProject
		{F1EBC512-CCD4-3DE4-6BCF-27BC3DC6EE9C} = {F1EBC512-CCD4-3DE4-6BCF-27BC3DC6EE9C}
	EndProjectSection
EndProject
Project("{8BC9CEB8-8B4A-11D0-8D11-00A0C91BC942}") = "mod_proxy_ftp", "Projects_Modules\mod_proxy_ftp.vcxproj", "{8F01737B-909D-A881-FABC-CF35A199E2D8}"
	ProjectSection(ProjectDependencies) = postProject
		{F1EBC512-CCD4-3DE4-6BCF-27BC3DC6EE9C} = {F1EBC512-CCD4-3DE4-6BCF-27BC3DC6EE9C}
	EndProjectSection
EndProject
Project("{8BC9CEB8-8B4A-11D0-8D11-00A0C91BC942}") = "mod_proxy_http", "Projects_Modules\mod_proxy_http.vcxproj", "{D9621155-A76D-D7E3-CBCA-80DB413F996B}"
	ProjectSection(ProjectDependencies) = postProject
		{F1EBC512-CCD4-3DE4-6BCF-27BC3DC6EE9C} = {F1EBC512-CCD4-3DE4-6BCF-27BC3DC6EE9C}
	EndProjectSection
EndProject
Project("{8BC9CEB8-8B4A-11D0-8D11-00A0C91BC942}") = "mod_proxy_scgi", "Projects_Modules\mod_proxy_scgi.vcxproj", "{F86FE8AB-C307-3789-F1E7-B95E0740D6CD}"
	ProjectSection(ProjectDependencies) = postProject
		{F1EBC512-CCD4-3DE4-6BCF-27BC3DC6EE9C} = {F1EBC512-CCD4-3DE4-6BCF-27BC3DC6EE9C}
	EndProjectSection
EndProject
Project("{8BC9CEB8-8B4A-11D0-8D11-00A0C91BC942}") = "mod_proxy_wstunnel", "Projects_Modules\mod_proxy_wstunnel.vcxproj", "{C1AA4A6C-868F-7854-1D6B-BF6ACFD01CAA}"
	ProjectSection(ProjectDependencies) = postProject
		{F1EBC512-CCD4-3DE4-6BCF-27BC3DC6EE9C} = {F1EBC512-CCD4-3DE4-6BCF-27BC3DC6EE9C}
	EndProjectSection
EndProject
Project("{8BC9CEB8-8B4A-11D0-8D11-00A0C91BC942}") = "mod_lbmethod_bybusyness", "Projects_Modules\mod_lbmethod_bybusyness.vcxproj", "{FB48B1D0-B2F8-D6B4-A300-F661A4CC64C0}"
EndProject
Project("{8BC9CEB8-8B4A-11D0-8D11-00A0C91BC942}") = "mod_lbmethod_byrequests", "Projects_Modules\mod_lbmethod_byrequests.vcxproj", "{AA2DCC37-063D-8543-3D50-B0CEAD360644}"
EndProject
Project("{8BC9CEB8-8B4A-11D0-8D11-00A0C91BC942}") = "mod_lbmethod_bytraffic", "Projects_Modules\mod_lbmethod_bytraffic.vcxproj", "{6FB33FF7-BB75-37D7-542A-E6B9D47CC10B}"
EndProject
Project("{8BC9CEB8-8B4A-11D0-8D11-00A0C91BC942}") = "mod_lbmethod_heartbeat", "Projects_Modules\mod_lbmethod_heartbeat.vcxproj", "{E43E2704-8F8C-9446-15E6-8DFD2839E284}"
EndProject
Project("{8BC9CEB8-8B4A-11D0-8D11-00A0C91BC942}") = "mod_session", "Projects_Modules\mod_session.vcxproj", "{E12A8810-665C-FED7-9518-7BFB441CA0D5}"
EndProject
Project("{8BC9CEB8-8B4A-11D0-8D11-00A0C91BC942}") = "mod_session_cookie", "Projects_Modules\mod_session_cookie.vcxproj", "{07B394DC-2AC7-EB37-DFE4-F2FC1F965641}"
	ProjectSection(ProjectDependencies) = postProject
		{E12A8810-665C-FED7-9518-7BFB441CA0D5} = {E12A8810-665C-FED7-9518-7BFB441CA0D5}
	EndProjectSection
EndProject
Project("{8BC9CEB8-8B4A-11D0-8D11-00A0C91BC942}") = "mod_session_crypto", "Projects_Modules\mod_session_crypto.vcxproj", "{AB5AF622-D642-E93A-85C4-F2291FDE42E6}"
	ProjectSection(ProjectDependencies) = postProject
		{E12A8810-665C-FED7-9518-7BFB441CA0D5} = {E12A8810-665C-FED7-9518-7BFB441CA0D5}
	EndProjectSection
EndProject
Project("{8BC9CEB8-8B4A-11D0-8D11-00A0C91BC942}") = "mod_session_dbd", "Projects_Modules\mod_session_dbd.vcxproj", "{906D4744-FE02-0C17-E68C-3E3664261528}"
	ProjectSection(ProjectDependencies) = postProject
		{E12A8810-665C-FED7-9518-7BFB441CA0D5} = {E12A8810-665C-FED7-9518-7BFB441CA0D5}
	EndProjectSection
EndProject
Project("{8BC9CEB8-8B4A-11D0-8D11-00A0C91BC942}") = "mod_slotmem_plain", "Projects_Modules\mod_slotmem_plain.vcxproj", "{06E422DC-F924-6533-1B4A-310B2FE2CF44}"
EndProject
Project("{8BC9CEB8-8B4A-11D0-8D11-00A0C91BC942}") = "mod_slotmem_shm", "Projects_Modules\mod_slotmem_shm.vcxproj", "{08C394B2-9D74-47F6-94CD-7940294FD10A}"
EndProject
Project("{8BC9CEB8-8B4A-11D0-8D11-00A0C91BC942}") = "mod_ssl", "Projects_Modules\mod_ssl.vcxproj", "{10D99519-AD54-4F32-1EEC-806E4017A127}"
EndProject
Project("{8BC9CEB8-8B4A-11D0-8D11-00A0C91BC942}") = "mod_dialup", "Projects_Modules\mod_dialup.vcxproj", "{62CD1D75-C86D-43BF-032E-121C231F6B7D}"
EndProject
Project("{8BC9CEB8-8B4A-11D0-8D11-00A0C91BC942}") = "mod_optional_fn_export", "Projects_Modules\mod_optional_fn_export.vcxproj", "{10D13080-0B7F-C257-6ACE-9B40EBD81F26}"
EndProject
Project("{8BC9CEB8-8B4A-11D0-8D11-00A0C91BC942}") = "mod_optional_fn_import", "Projects_Modules\mod_optional_fn_import.vcxproj", "{861CE1D1-C5E7-2265-A1D2-1361570A4454}"
EndProject
Project("{8BC9CEB8-8B4A-11D0-8D11-00A0C91BC942}") = "mod_optional_hook_export", "Projects_Modules\mod_optional_hook_export.vcxproj", "{9D4C6D9F-2553-85A1-9DC1-A203BB2E578A}"
EndProject
Project("{8BC9CEB8-8B4A-11D0-8D11-00A0C91BC942}") = "mod_optional_hook_import", "Projects_Modules\mod_optional_hook_import.vcxproj", "{385B448B-8D4A-7D65-BA50-A382F2A26F03}"
EndProject
Project("{8BC9CEB8-8B4A-11D0-8D11-00A0C91BC942}") = "mod_test", "Projects_Modules\mod_test.vcxproj", "{CFFCAC1D-E066-AF38-0426-2F01AF037F82}"
EndProject
Project("{8BC9CEB8-8B4A-11D0-8D11-00A0C91BC942}") = "mod_ldap", "Projects_Modules\mod_ldap.vcxproj", "{D6178ADE-EA34-FCEF-E9AB-AB1F64771718}"
EndProject
Global
	GlobalSection(SolutionConfigurationPlatforms) = preSolution
		Release|x64 = Release|x64
		Release|x86 = Release|x86
	EndGlobalSection
	GlobalSection(ProjectConfigurationPlatforms) = postSolution
		{CE726FCA-2AFC-B802-53A4-340AD2549CCD}.Release|x64.ActiveCfg = Release|x64
		{CE726FCA-2AFC-B802-53A4-340AD2549CCD}.Release|x64.Build.0 = Release|x64
		{CE726FCA-2AFC-B802-53A4-340AD2549CCD}.Release|x86.ActiveCfg = Release|Win32
		{CE726FCA-2AFC-B802-53A4-340AD2549CCD}.Release|x86.Build.0 = Release|Win32
		{1B812E32-3ED9-A1C7-3044-C60F0435EFB3}.Release|x64.ActiveCfg = Release|x64
		{1B812E32-3ED9-A1C7-3044-C60F0435EFB3}.Release|x64.Build.0 = Release|x64
		{1B812E32-3ED9-A1C7-3044-C60F0435EFB3}.Release|x86.ActiveCfg = Release|Win32
		{1B812E32-3ED9-A1C7-3044-C60F0435EFB3}.Release|x86.Build.0 = Release|Win32
		{41EFCCAE-BB7E-A99D-05A8-BC3EB9EE75FA}.Release|x64.ActiveCfg = Release|x64
		{41EFCCAE-BB7E-A99D-05A8-BC3EB9EE75FA}.Release|x64.Build.0 = Release|x64
		{41EFCCAE-BB7E-A99D-05A8-BC3EB9EE75FA}.Release|x86.ActiveCfg = Release|Win32
		{41EFCCAE-BB7E-A99D-05A8-BC3EB9EE75FA}.Release|x86.Build.0 = Release|Win32
		{A9718059-A653-7ED9-50BF-78A2CAEFAEC1}.Release|x64.ActiveCfg = Release|x64
		{A9718059-A653-7ED9-50BF-78A2CAEFAEC1}.Release|x64.Build.0 = Release|x64
		{A9718059-A653-7ED9-50BF-78A2CAEFAEC1}.Release|x86.ActiveCfg = Release|Win32
		{A9718059-A653-7ED9-50BF-78A2CAEFAEC1}.Release|x86.Build.0 = Release|Win32
		{CB8273A6-3CAE-F62A-C945-93CC9D82C535}.Release|x64.ActiveCfg = Release|x64
		{CB8273A6-3CAE-F62A-C945-93CC9D82C535}.Release|x64.Build.0 = Release|x64
		{CB8273A6-3CAE-F62A-C945-93CC9D82C535}.Release|x86.ActiveCfg = Release|Win32
		{CB8273A6-3CAE-F62A-C945-93CC9D82C535}.Release|x86.Build.0 = Release|Win32
		{36C05F1F-A85D-47F3-0763-972A25FFC544}.Release|x64.ActiveCfg = Release|x64
		{36C05F1F-A85D-47F3-0763-972A25FFC544}.Release|x64.Build.0 = Release|x64
		{36C05F1F-A85D-47F3-0763-972A25FFC544}.Release|x86.ActiveCfg = Release|Win32
		{36C05F1F-A85D-47F3-0763-972A25FFC544}.Release|x86.Build.0 = Release|Win32
		{B9780E63-EA47-E797-AD03-3C44CB737F21}.Release|x64.ActiveCfg = Release|x64
		{B9780E63-EA47-E797-AD03-3C44CB737F21}.Release|x64.Build.0 = Release|x64
		{B9780E63-EA47-E797-AD03-3C44CB737F21}.Release|x86.ActiveCfg = Release|Win32
		{B9780E63-EA47-E797-AD03-3C44CB737F21}.Release|x86.Build.0 = Release|Win32
		{9DDD65AF-CD0B-B39A-F507-B0A01D711AD7}.Release|x64.ActiveCfg = Release|x64
		{9DDD65AF-CD0B-B39A-F507-B0A01D711AD7}.Release|x64.Build.0 = Release|x64
		{9DDD65AF-CD0B-B39A-F507-B0A01D711AD7}.Release|x86.ActiveCfg = Release|Win32
		{9DDD65AF-CD0B-B39A-F507-B0A01D711AD7}.Release|x86.Build.0 = Release|Win32
		{7B3681D0-3FF0-38EF-0896-C82A6FCD6D0D}.Release|x64.ActiveCfg = Release|x64
		{7B3681D0-3FF0-38EF-0896-C82A6FCD6D0D}.Release|x64.Build.0 = Release|x64
		{7B3681D0-3FF0-38EF-0896-C82A6FCD6D0D}.Release|x86.ActiveCfg = Release|Win32
		{7B3681D0-3FF0-38EF-0896-C82A6FCD6D0D}.Release|x86.Build.0 = Release|Win32
		{DAD2AF57-9C59-55C1-37F1-05DB95ED24C6}.Release|x64.ActiveCfg = Release|x64
		{DAD2AF57-9C59-55C1-37F1-05DB95ED24C6}.Release|x64.Build.0 = Release|x64
		{DAD2AF57-9C59-55C1-37F1-05DB95ED24C6}.Release|x86.ActiveCfg = Release|Win32
		{DAD2AF57-9C59-55C1-37F1-05DB95ED24C6}.Release|x86.Build.0 = Release|Win32
		{7A924AA5-ABEE-2A51-658E-9DC04A8F02E7}.Release|x64.ActiveCfg = Release|x64
		{7A924AA5-ABEE-2A51-658E-9DC04A8F02E7}.Release|x64.Build.0 = Release|x64
		{7A924AA5-ABEE-2A51-658E-9DC04A8F02E7}.Release|x86.ActiveCfg = Release|Win32
		{7A924AA5-ABEE-2A51-658E-9DC04A8F02E7}.Release|x86.Build.0 = Release|Win32
		{775CC22F-5B0B-D434-E9B5-1F7EC85A8FDA}.Release|x64.ActiveCfg = Release|x64
		{775CC22F-5B0B-D434-E9B5-1F7EC85A8FDA}.Release|x64.Build.0 = Release|x64
		{775CC22F-5B0B-D434-E9B5-1F7EC85A8FDA}.Release|x86.ActiveCfg = Release|Win32
		{775CC22F-5B0B-D434-E9B5-1F7EC85A8FDA}.Release|x86.Build.0 = Release|Win32
		{497BC3E0-2F3C-00B6-94AA-944A5ACA1325}.Release|x64.ActiveCfg = Release|x64
		{497BC3E0-2F3C-00B6-94AA-944A5ACA1325}.Release|x64.Build.0 = Release|x64
		{497BC3E0-2F3C-00B6-94AA-944A5ACA1325}.Release|x86.ActiveCfg = Release|Win32
		{497BC3E0-2F3C-00B6-94AA-944A5ACA1325}.Release|x86.Build.0 = Release|Win32
		{A0F82BA1-023F-9AFD-3C08-A9BDB28EC045}.Release|x64.ActiveCfg = Release|x64
		{A0F82BA1-023F-9AFD-3C08-A9BDB28EC045}.Release|x64.Build.0 = Release|x64
		{A0F82BA1-023F-9AFD-3C08-A9BDB28EC045}.Release|x86.ActiveCfg = Release|Win32
		{A0F82BA1-023F-9AFD-3C08-A9BDB28EC045}.Release|x86.Build.0 = Release|Win32
		{AB20FD65-9C1D-7D3F-9CF2-C1134382305B}.Release|x64.ActiveCfg = Release|x64
		{AB20FD65-9C1D-7D3F-9CF2-C1134382305B}.Release|x64.Build.0 = Release|x64
		{AB20FD65-9C1D-7D3F-9CF2-C1134382305B}.Release|x86.ActiveCfg = Release|Win32
		{AB20FD65-9C1D-7D3F-9CF2-C1134382305B}.Release|x86.Build.0 = Release|Win32
		{FEA8368A-22D7-5BA7-7AC6-2E8B6A583F4F}.Release|x64.ActiveCfg = Release|x64
		{FEA8368A-22D7-5BA7-7AC6-2E8B6A583F4F}.Release|x64.Build.0 = Release|x64
		{FEA8368A-22D7-5BA7-7AC6-2E8B6A583F4F}.Release|x86.ActiveCfg = Release|Win32
		{FEA8368A-22D7-5BA7-7AC6-2E8B6A583F4F}.Release|x86.Build.0 = Release|Win32
		{EFF1B44B-7F5B-18D3-6998-6EBDCC67E06D}.Release|x64.ActiveCfg = Release|x64
		{EFF1B44B-7F5B-18D3-6998-6EBDCC67E06D}.Release|x64.Build.0 = Release|x64
		{EFF1B44B-7F5B-18D3-6998-6EBDCC67E06D}.Release|x86.ActiveCfg = Release|Win32
		{EFF1B44B-7F5B-18D3-6998-6EBDCC67E06D}.Release|x86.Build.0 = Release|Win32
		{E34FF30A-C7F5-90A8-81DF-5C8F7C67E75E}.Release|x64.ActiveCfg = Release|x64
		{E34FF30A-C7F5-90A8-81DF-5C8F7C67E75E}.Release|x64.Build.0 = Release|x64
		{E34FF30A-C7F5-90A8-81DF-5C8F7C67E75E}.Release|x86.ActiveCfg = Release|Win32
		{E34FF30A-C7F5-90A8-81DF-5C8F7C67E75E}.Release|x86.Build.0 = Release|Win32
		{1020D919-8651-0989-F6F9-5F8348682700}.Release|x64.ActiveCfg = Release|x64
		{1020D919-8651-0989-F6F9-5F8348682700}.Release|x64.Build.0 = Release|x64
		{1020D919-8651-0989-F6F9-5F8348682700}.Release|x86.ActiveCfg = Release|Win32
		{1020D919-8651-0989-F6F9-5F8348682700}.Release|x86.Build.0 = Release|Win32
		{016C4697-57B1-D51A-438B-16C9EDEC2648}.Release|x64.ActiveCfg = Release|x64
		{016C4697-57B1-D51A-438B-16C9EDEC2648}.Release|x64.Build.0 = Release|x64
		{016C4697-57B1-D51A-438B-16C9EDEC2648}.Release|x86.ActiveCfg = Release|Win32
		{016C4697-57B1-D51A-438B-16C9EDEC2648}.Release|x86.Build.0 = Release|Win32
		{E3A2BDE0-7538-971B-C13D-E2F7904195FF}.Release|x64.ActiveCfg = Release|x64
		{E3A2BDE0-7538-971B-C13D-E2F7904195FF}.Release|x64.Build.0 = Release|x64
		{E3A2BDE0-7538-971B-C13D-E2F7904195FF}.Release|x86.ActiveCfg = Release|Win32
		{E3A2BDE0-7538-971B-C13D-E2F7904195FF}.Release|x86.Build.0 = Release|Win32
		{5E832AF7-2B1C-DEE8-C12F-352E2F3170B2}.Release|x64.ActiveCfg = Release|x64
		{5E832AF7-2B1C-DEE8-C12F-352E2F3170B2}.Release|x64.Build.0 = Release|x64
		{5E832AF7-2B1C-DEE8-C12F-352E2F3170B2}.Release|x86.ActiveCfg = Release|Win32
		{5E832AF7-2B1C-DEE8-C12F-352E2F3170B2}.Release|x86.Build.0 = Release|Win32
		{416DF338-0991-A43C-AC32-B092C7F78B19}.Release|x64.ActiveCfg = Release|x64
		{416DF338-0991-A43C-AC32-B092C7F78B19}.Release|x64.Build.0 = Release|x64
		{416DF338-0991-A43C-AC32-B092C7F78B19}.Release|x86.ActiveCfg = Release|Win32
		{416DF338-0991-A43C-AC32-B092C7F78B19}.Release|x86.Build.0 = Release|Win32
		{33B75347-BBF0-B90A-5364-9E12CA61263F}.Release|x64.ActiveCfg = Release|x64
		{33B75347-BBF0-B90A-5364-9E12CA61263F}.Release|x64.Build.0 = Release|x64
		{33B75347-BBF0-B90A-5364-9E12CA61263F}.Release|x86.ActiveCfg = Release|Win32
		{33B75347-BBF0-B90A-5364-9E12CA61263F}.Release|x86.Build.0 = Release|Win32
		{00077A21-B6EB-2A6D-7DCE-90462885B601}.Release|x64.ActiveCfg = Release|x64
		{00077A21-B6EB-2A6D-7DCE-90462885B601}.Release|x64.Build.0 = Release|x64
		{00077A21-B6EB-2A6D-7DCE-90462885B601}.Release|x86.ActiveCfg = Release|Win32
		{00077A21-B6EB-2A6D-7DCE-90462885B601}.Release|x86.Build.0 = Release|Win32
		{10069D75-C9DC-B886-23BE-CA306677637A}.Release|x64.ActiveCfg = Release|x64
		{10069D75-C9DC-B886-23BE-CA306677637A}.Release|x64.Build.0 = Release|x64
		{10069D75-C9DC-B886-23BE-CA306677637A}.Release|x86.ActiveCfg = Release|Win32
		{10069D75-C9DC-B886-23BE-CA306677637A}.Release|x86.Build.0 = Release|Win32
		{4B4CCE4C-42C2-903D-FF39-62DBB921A3CB}.Release|x64.ActiveCfg = Release|x64
		{4B4CCE4C-42C2-903D-FF39-62DBB921A3CB}.Release|x64.Build.0 = Release|x64
		{4B4CCE4C-42C2-903D-FF39-62DBB921A3CB}.Release|x86.ActiveCfg = Release|Win32
		{4B4CCE4C-42C2-903D-FF39-62DBB921A3CB}.Release|x86.Build.0 = Release|Win32
		{92BCF1BA-1C2F-0FE2-8031-F34D5AF56E77}.Release|x64.ActiveCfg = Release|x64
		{92BCF1BA-1C2F-0FE2-8031-F34D5AF56E77}.Release|x64.Build.0 = Release|x64
		{92BCF1BA-1C2F-0FE2-8031-F34D5AF56E77}.Release|x86.ActiveCfg = Release|Win32
		{92BCF1BA-1C2F-0FE2-8031-F34D5AF56E77}.Release|x86.Build.0 = Release|Win32
		{DE53D653-AB3B-10EA-EBE1-26CDA8547383}.Release|x64.ActiveCfg = Release|x64
		{DE53D653-AB3B-10EA-EBE1-26CDA8547383}.Release|x64.Build.0 = Release|x64
		{DE53D653-AB3B-10EA-EBE1-26CDA8547383}.Release|x86.ActiveCfg = Release|Win32
		{DE53D653-AB3B-10EA-EBE1-26CDA8547383}.Release|x86.Build.0 = Release|Win32
		{6A0044B6-A9B1-8551-66BE-20E044CA1734}.Release|x64.ActiveCfg = Release|x64
		{6A0044B6-A9B1-8551-66BE-20E044CA1734}.Release|x64.Build.0 = Release|x64
		{6A0044B6-A9B1-8551-66BE-20E044CA1734}.Release|x86.ActiveCfg = Release|Win32
		{6A0044B6-A9B1-8551-66BE-20E044CA1734}.Release|x86.Build.0 = Release|Win32
		{51E6C489-3565-60A3-9109-794FB8BB0F92}.Release|x64.ActiveCfg = Release|x64
		{51E6C489-3565-60A3-9109-794FB8BB0F92}.Release|x64.Build.0 = Release|x64
		{51E6C489-3565-60A3-9109-794FB8BB0F92}.Release|x86.ActiveCfg = Release|Win32
		{51E6C489-3565-60A3-9109-794FB8BB0F92}.Release|x86.Build.0 = Release|Win32
		{21252252-33DE-0FC6-2038-EDC2DB697D94}.Release|x64.ActiveCfg = Release|x64
		{21252252-33DE-0FC6-2038-EDC2DB697D94}.Release|x64.Build.0 = Release|x64
		{21252252-33DE-0FC6-2038-EDC2DB697D94}.Release|x86.ActiveCfg = Release|Win32
		{21252252-33DE-0FC6-2038-EDC2DB697D94}.Release|x86.Build.0 = Release|Win32
		{E7A60A82-F17C-C976-AC41-D8F290551571}.Release|x64.ActiveCfg = Release|x64
		{E7A60A82-F17C-C976-AC41-D8F290551571}.Release|x64.Build.0 = Release|x64
		{E7A60A82-F17C-C976-AC41-D8F290551571}.Release|x86.ActiveCfg = Release|Win32
		{E7A60A82-F17C-C976-AC41-D8F290551571}.Release|x86.Build.0 = Release|Win32
		{AC21421C-0C0E-3A82-E73F-315E73D03A0E}.Release|x64.ActiveCfg = Release|x64
		{AC21421C-0C0E-3A82-E73F-315E73D03A0E}.Release|x64.Build.0 = Release|x64
		{AC21421C-0C0E-3A82-E73F-315E73D03A0E}.Release|x86.ActiveCfg = Release|Win32
		{AC21421C-0C0E-3A82-E73F-315E73D03A0E}.Release|x86.Build.0 = Release|Win32
		{38CD98CC-75EA-A315-B03D-062CC1515A67}.Release|x64.ActiveCfg = Release|x64
		{38CD98CC-75EA-A315-B03D-062CC1515A67}.Release|x64.Build.0 = Release|x64
		{38CD98CC-75EA-A315-B03D-062CC1515A67}.Release|x86.ActiveCfg = Release|Win32
		{38CD98CC-75EA-A315-B03D-062CC1515A67}.Release|x86.Build.0 = Release|Win32
		{55D79067-2869-127B-7477-CBA22B137D67}.Release|x64.ActiveCfg = Release|x64
		{55D79067-2869-127B-7477-CBA22B137D67}.Release|x64.Build.0 = Release|x64
		{55D79067-2869-127B-7477-CBA22B137D67}.Release|x86.ActiveCfg = Release|Win32
		{55D79067-2869-127B-7477-CBA22B137D67}.Release|x86.Build.0 = Release|Win32
		{FA83F314-167C-94A1-DA0C-ADF897DB5E3F}.Release|x64.ActiveCfg = Release|x64
		{FA83F314-167C-94A1-DA0C-ADF897DB5E3F}.Release|x64.Build.0 = Release|x64
		{FA83F314-167C-94A1-DA0C-ADF897DB5E3F}.Release|x86.ActiveCfg = Release|Win32
		{FA83F314-167C-94A1-DA0C-ADF897DB5E3F}.Release|x86.Build.0 = Release|Win32
		{69A4C6B3-9E21-118A-A1D2-11A76B27FD0E}.Release|x64.ActiveCfg = Release|x64
		{69A4C6B3-9E21-118A-A1D2-11A76B27FD0E}.Release|x64.Build.0 = Release|x64
		{69A4C6B3-9E21-118A-A1D2-11A76B27FD0E}.Release|x86.ActiveCfg = Release|Win32
		{69A4C6B3-9E21-118A-A1D2-11A76B27FD0E}.Release|x86.Build.0 = Release|Win32
		{6B3A9D16-B6A2-8D0A-8F0C-30D79416F891}.Release|x64.ActiveCfg = Release|x64
		{6B3A9D16-B6A2-8D0A-8F0C-30D79416F891}.Release|x64.Build.0 = Release|x64
		{6B3A9D16-B6A2-8D0A-8F0C-30D79416F891}.Release|x86.ActiveCfg = Release|Win32
		{6B3A9D16-B6A2-8D0A-8F0C-30D79416F891}.Release|x86.Build.0 = Release|Win32
		{42E0208C-0B7C-039B-B72A-6CE101B6239D}.Release|x64.ActiveCfg = Release|x64
		{42E0208C-0B7C-039B-B72A-6CE101B6239D}.Release|x64.Build.0 = Release|x64
		{42E0208C-0B7C-039B-B72A-6CE101B6239D}.Release|x86.ActiveCfg = Release|Win32
		{42E0208C-0B7C-039B-B72A-6CE101B6239D}.Release|x86.Build.0 = Release|Win32
		{7C5A8442-CAB9-4413-2718-C742C63C6246}.Release|x64.ActiveCfg = Release|x64
		{7C5A8442-CAB9-4413-2718-C742C63C6246}.Release|x64.Build.0 = Release|x64
		{7C5A8442-CAB9-4413-2718-C742C63C6246}.Release|x86.ActiveCfg = Release|Win32
		{7C5A8442-CAB9-4413-2718-C742C63C6246}.Release|x86.Build.0 = Release|Win32
		{7E8C8443-5684-B1FB-D43F-F93F2781AB01}.Release|x64.ActiveCfg = Release|x64
		{7E8C8443-5684-B1FB-D43F-F93F2781AB01}.Release|x64.Build.0 = Release|x64
		{7E8C8443-5684-B1FB-D43F-F93F2781AB01}.Release|x86.ActiveCfg = Release|Win32
		{7E8C8443-5684-B1FB-D43F-F93F2781AB01}.Release|x86.Build.0 = Release|Win32
		{D5C646D4-1B18-25C7-AD88-49B3FB974DAD}.Release|x64.ActiveCfg = Release|x64
		{D5C646D4-1B18-25C7-AD88-49B3FB974DAD}.Release|x64.Build.0 = Release|x64
		{D5C646D4-1B18-25C7-AD88-49B3FB974DAD}.Release|x86.ActiveCfg = Release|Win32
		{D5C646D4-1B18-25C7-AD88-49B3FB974DAD}.Release|x86.Build.0 = Release|Win32
		{C59FAB51-0044-C7D8-72CA-7AB4A66E2C87}.Release|x64.ActiveCfg = Release|x64
		{C59FAB51-0044-C7D8-72CA-7AB4A66E2C87}.Release|x64.Build.0 = Release|x64
		{C59FAB51-0044-C7D8-72CA-7AB4A66E2C87}.Release|x86.ActiveCfg = Release|Win32
		{C59FAB51-0044-C7D8-72CA-7AB4A66E2C87}.Release|x86.Build.0 = Release|Win32
		{2B8C26C5-2705-74F1-672D-45DBE9B7F807}.Release|x64.ActiveCfg = Release|x64
		{2B8C26C5-2705-74F1-672D-45DBE9B7F807}.Release|x64.Build.0 = Release|x64
		{2B8C26C5-2705-74F1-672D-45DBE9B7F807}.Release|x86.ActiveCfg = Release|Win32
		{2B8C26C5-2705-74F1-672D-45DBE9B7F807}.Release|x86.Build.0 = Release|Win32
		{F90312CA-8621-6286-45F3-95E1DB89AED1}.Release|x64.ActiveCfg = Release|x64
		{F90312CA-8621-6286-45F3-95E1DB89AED1}.Release|x64.Build.0 = Release|x64
		{F90312CA-8621-6286-45F3-95E1DB89AED1}.Release|x86.ActiveCfg = Release|Win32
		{F90312CA-8621-6286-45F3-95E1DB89AED1}.Release|x86.Build.0 = Release|Win32
		{24C590D4-8799-351A-B180-62B01C234307}.Release|x64.ActiveCfg = Release|x64
		{24C590D4-8799-351A-B180-62B01C234307}.Release|x64.Build.0 = Release|x64
		{24C590D4-8799-351A-B180-62B01C234307}.Release|x86.ActiveCfg = Release|Win32
		{24C590D4-8799-351A-B180-62B01C234307}.Release|x86.Build.0 = Release|Win32
		{FE047873-0E5F-1E41-B2E8-3DE88060A962}.Release|x64.ActiveCfg = Release|x64
		{FE047873-0E5F-1E41-B2E8-3DE88060A962}.Release|x64.Build.0 = Release|x64
		{FE047873-0E5F-1E41-B2E8-3DE88060A962}.Release|x86.ActiveCfg = Release|Win32
		{FE047873-0E5F-1E41-B2E8-3DE88060A962}.Release|x86.Build.0 = Release|Win32
		{8203F01D-2398-A621-FDDE-11BF18EF336A}.Release|x64.ActiveCfg = Release|x64
		{8203F01D-2398-A621-FDDE-11BF18EF336A}.Release|x64.Build.0 = Release|x64
		{8203F01D-2398-A621-FDDE-11BF18EF336A}.Release|x86.ActiveCfg = Release|Win32
		{8203F01D-2398-A621-FDDE-11BF18EF336A}.Release|x86.Build.0 = Release|Win32
		{4B206CB4-D2A4-9FFD-A183-B88DA892705C}.Release|x64.ActiveCfg = Release|x64
		{4B206CB4-D2A4-9FFD-A183-B88DA892705C}.Release|x64.Build.0 = Release|x64
		{4B206CB4-D2A4-9FFD-A183-B88DA892705C}.Release|x86.ActiveCfg = Release|Win32
		{4B206CB4-D2A4-9FFD-A183-B88DA892705C}.Release|x86.Build.0 = Release|Win32
		{3CF4C031-451D-E200-979F-AFE5492A5B03}.Release|x64.ActiveCfg = Release|x64
		{3CF4C031-451D-E200-979F-AFE5492A5B03}.Release|x64.Build.0 = Release|x64
		{3CF4C031-451D-E200-979F-AFE5492A5B03}.Release|x86.ActiveCfg = Release|Win32
		{3CF4C031-451D-E200-979F-AFE5492A5B03}.Release|x86.Build.0 = Release|Win32
		{219B0283-5521-7C3F-E77F-12DA06513AAA}.Release|x64.ActiveCfg = Release|x64
		{219B0283-5521-7C3F-E77F-12DA06513AAA}.Release|x64.Build.0 = Release|x64
		{219B0283-5521-7C3F-E77F-12DA06513AAA}.Release|x86.ActiveCfg = Release|Win32
		{219B0283-5521-7C3F-E77F-12DA06513AAA}.Release|x86.Build.0 = Release|Win32
		{A856C598-DE3C-AC53-D16E-2E785AD95E8C}.Release|x64.ActiveCfg = Release|x64
		{A856C598-DE3C-AC53-D16E-2E785AD95E8C}.Release|x64.Build.0 = Release|x64
		{A856C598-DE3C-AC53-D16E-2E785AD95E8C}.Release|x86.ActiveCfg = Release|Win32
		{A856C598-DE3C-AC53-D16E-2E785AD95E8C}.Release|x86.Build.0 = Release|Win32
		{A0ED6DE8-3293-5E4E-E9B5-B0D891731E77}.Release|x64.ActiveCfg = Release|x64
		{A0ED6DE8-3293-5E4E-E9B5-B0D891731E77}.Release|x64.Build.0 = Release|x64
		{A0ED6DE8-3293-5E4E-E9B5-B0D891731E77}.Release|x86.ActiveCfg = Release|Win32
		{A0ED6DE8-3293-5E4E-E9B5-B0D891731E77}.Release|x86.Build.0 = Release|Win32
		{83B650C1-4734-9DC4-8186-6D91E3756662}.Release|x64.ActiveCfg = Release|x64
		{83B650C1-4734-9DC4-8186-6D91E3756662}.Release|x64.Build.0 = Release|x64
		{83B650C1-4734-9DC4-8186-6D91E3756662}.Release|x86.ActiveCfg = Release|Win32
		{83B650C1-4734-9DC4-8186-6D91E3756662}.Release|x86.Build.0 = Release|Win32
		{10F324CC-5186-E3F9-9A19-940E7A31442B}.Release|x64.ActiveCfg = Release|x64
		{10F324CC-5186-E3F9-9A19-940E7A31442B}.Release|x64.Build.0 = Release|x64
		{10F324CC-5186-E3F9-9A19-940E7A31442B}.Release|x86.ActiveCfg = Release|Win32
		{10F324CC-5186-E3F9-9A19-940E7A31442B}.Release|x86.Build.0 = Release|Win32
		{1458BE15-8D7C-C04D-42D0-3A91138F0CA2}.Release|x64.ActiveCfg = Release|x64
		{1458BE15-8D7C-C04D-42D0-3A91138F0CA2}.Release|x64.Build.0 = Release|x64
		{1458BE15-8D7C-C04D-42D0-3A91138F0CA2}.Release|x86.ActiveCfg = Release|Win32
		{1458BE15-8D7C-C04D-42D0-3A91138F0CA2}.Release|x86.Build.0 = Release|Win32
		{FB9C5131-032A-5A1B-8107-5D6D76455E79}.Release|x64.ActiveCfg = Release|x64
		{FB9C5131-032A-5A1B-8107-5D6D76455E79}.Release|x64.Build.0 = Release|x64
		{FB9C5131-032A-5A1B-8107-5D6D76455E79}.Release|x86.ActiveCfg = Release|Win32
		{FB9C5131-032A-5A1B-8107-5D6D76455E79}.Release|x86.Build.0 = Release|Win32
		{E72CD504-BD3F-016C-F045-FE84F50C9825}.Release|x64.ActiveCfg = Release|x64
		{E72CD504-BD3F-016C-F045-FE84F50C9825}.Release|x64.Build.0 = Release|x64
		{E72CD504-BD3F-016C-F045-FE84F50C9825}.Release|x86.ActiveCfg = Release|Win32
		{E72CD504-BD3F-016C-F045-FE84F50C9825}.Release|x86.Build.0 = Release|Win32
		{658320DE-F006-3327-7BC0-3A5F95C8F29A}.Release|x64.ActiveCfg = Release|x64
		{658320DE-F006-3327-7BC0-3A5F95C8F29A}.Release|x64.Build.0 = Release|x64
		{658320DE-F006-3327-7BC0-3A5F95C8F29A}.Release|x86.ActiveCfg = Release|Win32
		{658320DE-F006-3327-7BC0-3A5F95C8F29A}.Release|x86.Build.0 = Release|Win32
		{298F889A-0C6F-440F-7BCF-71E81BEDC543}.Release|x64.ActiveCfg = Release|x64
		{298F889A-0C6F-440F-7BCF-71E81BEDC543}.Release|x64.Build.0 = Release|x64
		{298F889A-0C6F-440F-7BCF-71E81BEDC543}.Release|x86.ActiveCfg = Release|Win32
		{298F889A-0C6F-440F-7BCF-71E81BEDC543}.Release|x86.Build.0 = Release|Win32
		{0A3098ED-34DD-850F-F010-50C165E03F9B}.Release|x64.ActiveCfg = Release|x64
		{0A3098ED-34DD-850F-F010-50C165E03F9B}.Release|x64.Build.0 = Release|x64
		{0A3098ED-34DD-850F-F010-50C165E03F9B}.Release|x86.ActiveCfg = Release|Win32
		{0A3098ED-34DD-850F-F010-50C165E03F9B}.Release|x86.Build.0 = Release|Win32
		{7A4C7DEE-119A-3F5A-85A7-F44C242ECBB5}.Release|x64.ActiveCfg = Release|x64
		{7A4C7DEE-119A-3F5A-85A7-F44C242ECBB5}.Release|x64.Build.0 = Release|x64
		{7A4C7DEE-119A-3F5A-85A7-F44C242ECBB5}.Release|x86.ActiveCfg = Release|Win32
		{7A4C7DEE-119A-3F5A-85A7-F44C242ECBB5}.Release|x86.Build.0 = Release|Win32
		{268BEBD6-F364-B3BE-F400-853393CB0FC1}.Release|x64.ActiveCfg = Release|x64
		{268BEBD6-F364-B3BE-F400-853393CB0FC1}.Release|x64.Build.0 = Release|x64
		{268BEBD6-F364-B3BE-F400-853393CB0FC1}.Release|x86.ActiveCfg = Release|Win32
		{268BEBD6-F364-B3BE-F400-853393CB0FC1}.Release|x86.Build.0 = Release|Win32
		{1445397A-AEE0-6354-898C-285A4CCCBE99}.Release|x64.ActiveCfg = Release|x64
		{1445397A-AEE0-6354-898C-285A4CCCBE99}.Release|x64.Build.0 = Release|x64
		{1445397A-AEE0-6354-898C-285A4CCCBE99}.Release|x86.ActiveCfg = Release|Win32
		{1445397A-AEE0-6354-898C-285A4CCCBE99}.Release|x86.Build.0 = Release|Win32
		{DF6807A8-6C8D-F7CF-EA6B-4F803B2FA6A5}.Release|x64.ActiveCfg = Release|x64
		{DF6807A8-6C8D-F7CF-EA6B-4F803B2FA6A5}.Release|x64.Build.0 = Release|x64
		{DF6807A8-6C8D-F7CF-EA6B-4F803B2FA6A5}.Release|x86.ActiveCfg = Release|Win32
		{DF6807A8-6C8D-F7CF-EA6B-4F803B2FA6A5}.Release|x86.Build.0 = Release|Win32
		{AFF320D8-D105-4E9A-27E3-B6369CCC4BB1}.Release|x64.ActiveCfg = Release|x64
		{AFF320D8-D105-4E9A-27E3-B6369CCC4BB1}.Release|x64.Build.0 = Release|x64
		{AFF320D8-D105-4E9A-27E3-B6369CCC4BB1}.Release|x86.ActiveCfg = Release|Win32
		{AFF320D8-D105-4E9A-27E3-B6369CCC4BB1}.Release|x86.Build.0 = Release|Win32
		{E0AF60D8-619B-57D5-A46F-B80D360FB799}.Release|x64.ActiveCfg = Release|x64
		{E0AF60D8-619B-57D5-A46F-B80D360FB799}.Release|x64.Build.0 = Release|x64
		{E0AF60D8-619B-57D5-A46F-B80D360FB799}.Release|x86.ActiveCfg = Release|Win32
		{E0AF60D8-619B-57D5-A46F-B80D360FB799}.Release|x86.Build.0 = Release|Win32
		{0ACAB454-0854-B833-0753-33DA0436747A}.Release|x64.ActiveCfg = Release|x64
		{0ACAB454-0854-B833-0753-33DA0436747A}.Release|x64.Build.0 = Release|x64
		{0ACAB454-0854-B833-0753-33DA0436747A}.Release|x86.ActiveCfg = Release|Win32
		{0ACAB454-0854-B833-0753-33DA0436747A}.Release|x86.Build.0 = Release|Win32
		{808BE0A7-7179-9204-5565-5E6A192E7CA0}.Release|x64.ActiveCfg = Release|x64
		{808BE0A7-7179-9204-5565-5E6A192E7CA0}.Release|x64.Build.0 = Release|x64
		{808BE0A7-7179-9204-5565-5E6A192E7CA0}.Release|x86.ActiveCfg = Release|Win32
		{808BE0A7-7179-9204-5565-5E6A192E7CA0}.Release|x86.Build.0 = Release|Win32
		{13E4FE60-F3DC-E249-D482-BA2F0DD844D4}.Release|x64.ActiveCfg = Release|x64
		{13E4FE60-F3DC-E249-D482-BA2F0DD844D4}.Release|x64.Build.0 = Release|x64
		{13E4FE60-F3DC-E249-D482-BA2F0DD844D4}.Release|x86.ActiveCfg = Release|Win32
		{13E4FE60-F3DC-E249-D482-BA2F0DD844D4}.Release|x86.Build.0 = Release|Win32
		{29A88D74-BA90-44E1-5879-DF670B6C55E6}.Release|x64.ActiveCfg = Release|x64
		{29A88D74-BA90-44E1-5879-DF670B6C55E6}.Release|x64.Build.0 = Release|x64
		{29A88D74-BA90-44E1-5879-DF670B6C55E6}.Release|x86.ActiveCfg = Release|Win32
		{29A88D74-BA90-44E1-5879-DF670B6C55E6}.Release|x86.Build.0 = Release|Win32
		{475BAB26-082A-CC21-0BAA-2C483ABAA710}.Release|x64.ActiveCfg = Release|x64
		{475BAB26-082A-CC21-0BAA-2C483ABAA710}.Release|x64.Build.0 = Release|x64
		{475BAB26-082A-CC21-0BAA-2C483ABAA710}.Release|x86.ActiveCfg = Release|Win32
		{475BAB26-082A-CC21-0BAA-2C483ABAA710}.Release|x86.Build.0 = Release|Win32
		{B9A890ED-26DA-00E4-DCFE-4D61EBF74F97}.Release|x64.ActiveCfg = Release|x64
		{B9A890ED-26DA-00E4-DCFE-4D61EBF74F97}.Release|x64.Build.0 = Release|x64
		{B9A890ED-26DA-00E4-DCFE-4D61EBF74F97}.Release|x86.ActiveCfg = Release|Win32
		{B9A890ED-26DA-00E4-DCFE-4D61EBF74F97}.Release|x86.Build.0 = Release|Win32
		{6E6049C0-3BAA-ECD5-95AC-4D8DF3A11AF8}.Release|x64.ActiveCfg = Release|x64
		{6E6049C0-3BAA-ECD5-95AC-4D8DF3A11AF8}.Release|x64.Build.0 = Release|x64
		{6E6049C0-3BAA-ECD5-95AC-4D8DF3A11AF8}.Release|x86.ActiveCfg = Release|Win32
		{6E6049C0-3BAA-ECD5-95AC-4D8DF3A11AF8}.Release|x86.Build.0 = Release|Win32
		{CE420241-F638-EF3C-5037-2B21E8FA4FD6}.Release|x64.ActiveCfg = Release|x64
		{CE420241-F638-EF3C-5037-2B21E8FA4FD6}.Release|x64.Build.0 = Release|x64
		{CE420241-F638-EF3C-5037-2B21E8FA4FD6}.Release|x86.ActiveCfg = Release|Win32
		{CE420241-F638-EF3C-5037-2B21E8FA4FD6}.Release|x86.Build.0 = Release|Win32
		{E30761FE-27A1-C5CC-E49E-752A6EEA26A8}.Release|x64.ActiveCfg = Release|x64
		{E30761FE-27A1-C5CC-E49E-752A6EEA26A8}.Release|x64.Build.0 = Release|x64
		{E30761FE-27A1-C5CC-E49E-752A6EEA26A8}.Release|x86.ActiveCfg = Release|Win32
		{E30761FE-27A1-C5CC-E49E-752A6EEA26A8}.Release|x86.Build.0 = Release|Win32
		{24F084EF-9670-8270-3BAD-21FE287AAB49}.Release|x64.ActiveCfg = Release|x64
		{24F084EF-9670-8270-3BAD-21FE287AAB49}.Release|x64.Build.0 = Release|x64
		{24F084EF-9670-8270-3BAD-21FE287AAB49}.Release|x86.ActiveCfg = Release|Win32
		{24F084EF-9670-8270-3BAD-21FE287AAB49}.Release|x86.Build.0 = Release|Win32
		{708489C7-D87E-E570-7B41-88C1924C5107}.Release|x64.ActiveCfg = Release|x64
		{708489C7-D87E-E570-7B41-88C1924C5107}.Release|x64.Build.0 = Release|x64
		{708489C7-D87E-E570-7B41-88C1924C5107}.Release|x86.ActiveCfg = Release|Win32
		{708489C7-D87E-E570-7B41-88C1924C5107}.Release|x86.Build.0 = Release|Win32
		{EDCDFA5F-F402-E44B-64F3-7C3DAAF117BC}.Release|x64.ActiveCfg = Release|x64
		{EDCDFA5F-F402-E44B-64F3-7C3DAAF117BC}.Release|x64.Build.0 = Release|x64
		{EDCDFA5F-F402-E44B-64F3-7C3DAAF117BC}.Release|x86.ActiveCfg = Release|Win32
		{EDCDFA5F-F402-E44B-64F3-7C3DAAF117BC}.Release|x86.Build.0 = Release|Win32
		{9D204BAE-B407-7C88-C2AE-CAD2359C0A76}.Release|x64.ActiveCfg = Release|x64
		{9D204BAE-B407-7C88-C2AE-CAD2359C0A76}.Release|x64.Build.0 = Release|x64
		{9D204BAE-B407-7C88-C2AE-CAD2359C0A76}.Release|x86.ActiveCfg = Release|Win32
		{9D204BAE-B407-7C88-C2AE-CAD2359C0A76}.Release|x86.Build.0 = Release|Win32
		{730D5EF9-FA1E-05E0-3F65-FE69BF7F90CA}.Release|x64.ActiveCfg = Release|x64
		{730D5EF9-FA1E-05E0-3F65-FE69BF7F90CA}.Release|x64.Build.0 = Release|x64
		{730D5EF9-FA1E-05E0-3F65-FE69BF7F90CA}.Release|x86.ActiveCfg = Release|Win32
		{730D5EF9-FA1E-05E0-3F65-FE69BF7F90CA}.Release|x86.Build.0 = Release|Win32
		{C20FF6A1-B094-0372-3C2A-36BFEE4AD461}.Release|x64.ActiveCfg = Release|x64
		{C20FF6A1-B094-0372-3C2A-36BFEE4AD461}.Release|x64.Build.0 = Release|x64
		{C20FF6A1-B094-0372-3C2A-36BFEE4AD461}.Release|x86.ActiveCfg = Release|Win32
		{C20FF6A1-B094-0372-3C2A-36BFEE4AD461}.Release|x86.Build.0 = Release|Win32
		{9570C350-3D0B-FBC0-20C4-7C7BF7565288}.Release|x64.ActiveCfg = Release|x64
		{9570C350-3D0B-FBC0-20C4-7C7BF7565288}.Release|x64.Build.0 = Release|x64
		{9570C350-3D0B-FBC0-20C4-7C7BF7565288}.Release|x86.ActiveCfg = Release|Win32
		{9570C350-3D0B-FBC0-20C4-7C7BF7565288}.Release|x86.Build.0 = Release|Win32
		{69F92617-8655-4520-11AC-4A4E3F5AB788}.Release|x64.ActiveCfg = Release|x64
		{69F92617-8655-4520-11AC-4A4E3F5AB788}.Release|x64.Build.0 = Release|x64
		{69F92617-8655-4520-11AC-4A4E3F5AB788}.Release|x86.ActiveCfg = Release|Win32
		{69F92617-8655-4520-11AC-4A4E3F5AB788}.Release|x86.Build.0 = Release|Win32
		{512C0B7B-B4C3-4513-9D60-B5783013D3EA}.Release|x64.ActiveCfg = Release|x64
		{512C0B7B-B4C3-4513-9D60-B5783013D3EA}.Release|x64.Build.0 = Release|x64
		{512C0B7B-B4C3-4513-9D60-B5783013D3EA}.Release|x86.ActiveCfg = Release|Win32
		{512C0B7B-B4C3-4513-9D60-B5783013D3EA}.Release|x86.Build.0 = Release|Win32
		{2E8D71B2-A4FB-0A6D-A7B7-A755E72B909D}.Release|x64.ActiveCfg = Release|x64
		{2E8D71B2-A4FB-0A6D-A7B7-A755E72B909D}.Release|x64.Build.0 = Release|x64
		{2E8D71B2-A4FB-0A6D-A7B7-A755E72B909D}.Release|x86.ActiveCfg = Release|Win32
		{2E8D71B2-A4FB-0A6D-A7B7-A755E72B909D}.Release|x86.Build.0 = Release|Win32
		{D10EBEFF-7610-FEE3-DA7A-9685FF0806E1}.Release|x64.ActiveCfg = Release|x64
		{D10EBEFF-7610-FEE3-DA7A-9685FF0806E1}.Release|x64.Build.0 = Release|x64
		{D10EBEFF-7610-FEE3-DA7A-9685FF0806E1}.Release|x86.ActiveCfg = Release|Win32
		{D10EBEFF-7610-FEE3-DA7A-9685FF0806E1}.Release|x86.Build.0 = Release|Win32
		{E148BA80-00E9-9323-CE8B-7B0321BA2CAD}.Release|x64.ActiveCfg = Release|x64
		{E148BA80-00E9-9323-CE8B-7B0321BA2CAD}.Release|x64.Build.0 = Release|x64
		{E148BA80-00E9-9323-CE8B-7B0321BA2CAD}.Release|x86.ActiveCfg = Release|Win32
		{E148BA80-00E9-9323-CE8B-7B0321BA2CAD}.Release|x86.Build.0 = Release|Win32
		{32EB3207-ADC3-710D-9A38-E58ED1C0F649}.Release|x64.ActiveCfg = Release|x64
		{32EB3207-ADC3-710D-9A38-E58ED1C0F649}.Release|x64.Build.0 = Release|x64
		{32EB3207-ADC3-710D-9A38-E58ED1C0F649}.Release|x86.ActiveCfg = Release|Win32
		{32EB3207-ADC3-710D-9A38-E58ED1C0F649}.Release|x86.Build.0 = Release|Win32
		{1A0535E2-79BA-66C4-F55F-9CEE4C5C0248}.Release|x64.ActiveCfg = Release|x64
		{1A0535E2-79BA-66C4-F55F-9CEE4C5C0248}.Release|x64.Build.0 = Release|x64
		{1A0535E2-79BA-66C4-F55F-9CEE4C5C0248}.Release|x86.ActiveCfg = Release|Win32
		{1A0535E2-79BA-66C4-F55F-9CEE4C5C0248}.Release|x86.Build.0 = Release|Win32
		{95A7F751-31DB-255C-93D6-ADEEACE5B1A9}.Release|x64.ActiveCfg = Release|x64
		{95A7F751-31DB-255C-93D6-ADEEACE5B1A9}.Release|x64.Build.0 = Release|x64
		{95A7F751-31DB-255C-93D6-ADEEACE5B1A9}.Release|x86.ActiveCfg = Release|Win32
		{95A7F751-31DB-255C-93D6-ADEEACE5B1A9}.Release|x86.Build.0 = Release|Win32
		{59B700F3-62C6-36C1-65CA-D5FCA9586001}.Release|x64.ActiveCfg = Release|x64
		{59B700F3-62C6-36C1-65CA-D5FCA9586001}.Release|x64.Build.0 = Release|x64
		{59B700F3-62C6-36C1-65CA-D5FCA9586001}.Release|x86.ActiveCfg = Release|Win32
		{59B700F3-62C6-36C1-65CA-D5FCA9586001}.Release|x86.Build.0 = Release|Win32
		{0D2834DE-C11D-E105-EE0C-E3082F3A4A9D}.Release|x64.ActiveCfg = Release|x64
		{0D2834DE-C11D-E105-EE0C-E3082F3A4A9D}.Release|x64.Build.0 = Release|x64
		{0D2834DE-C11D-E105-EE0C-E3082F3A4A9D}.Release|x86.ActiveCfg = Release|Win32
		{0D2834DE-C11D-E105-EE0C-E3082F3A4A9D}.Release|x86.Build.0 = Release|Win32
		{363E283D-7A70-D41B-DCC8-B08472E5ED65}.Release|x64.ActiveCfg = Release|x64
		{363E283D-7A70-D41B-DCC8-B08472E5ED65}.Release|x64.Build.0 = Release|x64
		{363E283D-7A70-D41B-DCC8-B08472E5ED65}.Release|x86.ActiveCfg = Release|Win32
		{363E283D-7A70-D41B-DCC8-B08472E5ED65}.Release|x86.Build.0 = Release|Win32
		{0267E313-A283-BB71-1FA3-7391D00C5AE2}.Release|x64.ActiveCfg = Release|x64
		{0267E313-A283-BB71-1FA3-7391D00C5AE2}.Release|x64.Build.0 = Release|x64
		{0267E313-A283-BB71-1FA3-7391D00C5AE2}.Release|x86.ActiveCfg = Release|Win32
		{0267E313-A283-BB71-1FA3-7391D00C5AE2}.Release|x86.Build.0 = Release|Win32
		{E56706D6-991F-D563-83A0-B246BD5C9B08}.Release|x64.ActiveCfg = Release|x64
		{E56706D6-991F-D563-83A0-B246BD5C9B08}.Release|x64.Build.0 = Release|x64
		{E56706D6-991F-D563-83A0-B246BD5C9B08}.Release|x86.ActiveCfg = Release|Win32
		{E56706D6-991F-D563-83A0-B246BD5C9B08}.Release|x86.Build.0 = Release|Win32
		{47CA55F0-25F7-FF80-6B23-7BE8FC397BE5}.Release|x64.ActiveCfg = Release|x64
		{47CA55F0-25F7-FF80-6B23-7BE8FC397BE5}.Release|x64.Build.0 = Release|x64
		{47CA55F0-25F7-FF80-6B23-7BE8FC397BE5}.Release|x86.ActiveCfg = Release|Win32
		{47CA55F0-25F7-FF80-6B23-7BE8FC397BE5}.Release|x86.Build.0 = Release|Win32
		{0B1212FD-2033-B3DF-23AE-D833B1EFA22C}.Release|x64.ActiveCfg = Release|x64
		{0B1212FD-2033-B3DF-23AE-D833B1EFA22C}.Release|x64.Build.0 = Release|x64
		{0B1212FD-2033-B3DF-23AE-D833B1EFA22C}.Release|x86.ActiveCfg = Release|Win32
		{0B1212FD-2033-B3DF-23AE-D833B1EFA22C}.Release|x86.Build.0 = Release|Win32
		{F1EBC512-CCD4-3DE4-6BCF-27BC3DC6EE9C}.Release|x64.ActiveCfg = Release|x64
		{F1EBC512-CCD4-3DE4-6BCF-27BC3DC6EE9C}.Release|x64.Build.0 = Release|x64
		{F1EBC512-CCD4-3DE4-6BCF-27BC3DC6EE9C}.Release|x86.ActiveCfg = Release|Win32
		{F1EBC512-CCD4-3DE4-6BCF-27BC3DC6EE9C}.Release|x86.Build.0 = Release|Win32
		{0423D393-3B2D-E083-B645-4BD670B02953}.Release|x64.ActiveCfg = Release|x64
		{0423D393-3B2D-E083-B645-4BD670B02953}.Release|x64.Build.0 = Release|x64
		{0423D393-3B2D-E083-B645-4BD670B02953}.Release|x86.ActiveCfg = Release|Win32
		{0423D393-3B2D-E083-B645-4BD670B02953}.Release|x86.Build.0 = Release|Win32
		{FDCACD9F-D335-DEFA-3E2E-3FF5715ED99C}.Release|x64.ActiveCfg = Release|x64
		{FDCACD9F-D335-DEFA-3E2E-3FF5715ED99C}.Release|x64.Build.0 = Release|x64
		{FDCACD9F-D335-DEFA-3E2E-3FF5715ED99C}.Release|x86.ActiveCfg = Release|Win32
		{FDCACD9F-D335-DEFA-3E2E-3FF5715ED99C}.Release|x86.Build.0 = Release|Win32
		{2B5D97D8-80B2-9D1A-0FA7-C124A2AC68F5}.Release|x64.ActiveCfg = Release|x64
		{2B5D97D8-80B2-9D1A-0FA7-C124A2AC68F5}.Release|x64.Build.0 = Release|x64
		{2B5D97D8-80B2-9D1A-0FA7-C124A2AC68F5}.Release|x86.ActiveCfg = Release|Win32
		{2B5D97D8-80B2-9D1A-0FA7-C124A2AC68F5}.Release|x86.Build.0 = Release|Win32
		{3314F312-8875-7B46-D251-5125EBADC8EA}.Release|x64.ActiveCfg = Release|x64
		{3314F312-8875-7B46-D251-5125EBADC8EA}.Release|x64.Build.0 = Release|x64
		{3314F312-8875-7B46-D251-5125EBADC8EA}.Release|x86.ActiveCfg = Release|Win32
		{3314F312-8875-7B46-D251-5125EBADC8EA}.Release|x86.Build.0 = Release|Win32
		{87637B11-C4D5-A865-4EDF-9677C8D6D97C}.Release|x64.ActiveCfg = Release|x64
		{87637B11-C4D5-A865-4EDF-9677C8D6D97C}.Release|x64.Build.0 = Release|x64
		{87637B11-C4D5-A865-4EDF-9677C8D6D97C}.Release|x86.ActiveCfg = Release|Win32
		{87637B11-C4D5-A865-4EDF-9677C8D6D97C}.Release|x86.Build.0 = Release|Win32
		{1878695B-0EDC-67DC-6140-A342F364120E}.Release|x64.ActiveCfg = Release|x64
		{1878695B-0EDC-67DC-6140-A342F364120E}.Release|x64.Build.0 = Release|x64
		{1878695B-0EDC-67DC-6140-A342F364120E}.Release|x86.ActiveCfg = Release|Win32
		{1878695B-0EDC-67DC-6140-A342F364120E}.Release|x86.Build.0 = Release|Win32
		{8F01737B-909D-A881-FABC-CF35A199E2D8}.Release|x64.ActiveCfg = Release|x64
		{8F01737B-909D-A881-FABC-CF35A199E2D8}.Release|x64.Build.0 = Release|x64
		{8F01737B-909D-A881-FABC-CF35A199E2D8}.Release|x86.ActiveCfg = Release|Win32
		{8F01737B-909D-A881-FABC-CF35A199E2D8}.Release|x86.Build.0 = Release|Win32
		{D9621155-A76D-D7E3-CBCA-80DB413F996B}.Release|x64.ActiveCfg = Release|x64
		{D9621155-A76D-D7E3-CBCA-80DB413F996B}.Release|x64.Build.0 = Release|x64
		{D9621155-A76D-D7E3-CBCA-80DB413F996B}.Release|x86.ActiveCfg = Release|Win32
		{D9621155-A76D-D7E3-CBCA-80DB413F996B}.Release|x86.Build.0 = Release|Win32
		{F86FE8AB-C307-3789-F1E7-B95E0740D6CD}.Release|x64.ActiveCfg = Release|x64
		{F86FE8AB-C307-3789-F1E7-B95E0740D6CD}.Release|x64.Build.0 = Release|x64
		{F86FE8AB-C307-3789-F1E7-B95E0740D6CD}.Release|x86.ActiveCfg = Release|Win32
		{F86FE8AB-C307-3789-F1E7-B95E0740D6CD}.Release|x86.Build.0 = Release|Win32
		{C1AA4A6C-868F-7854-1D6B-BF6ACFD01CAA}.Release|x64.ActiveCfg = Release|x64
		{C1AA4A6C-868F-7854-1D6B-BF6ACFD01CAA}.Release|x64.Build.0 = Release|x64
		{C1AA4A6C-868F-7854-1D6B-BF6ACFD01CAA}.Release|x86.ActiveCfg = Release|Win32
		{C1AA4A6C-868F-7854-1D6B-BF6ACFD01CAA}.Release|x86.Build.0 = Release|Win32
		{FB48B1D0-B2F8-D6B4-A300-F661A4CC64C0}.Release|x64.ActiveCfg = Release|x64
		{FB48B1D0-B2F8-D6B4-A300-F661A4CC64C0}.Release|x64.Build.0 = Release|x64
		{FB48B1D0-B2F8-D6B4-A300-F661A4CC64C0}.Release|x86.ActiveCfg = Release|Win32
		{FB48B1D0-B2F8-D6B4-A300-F661A4CC64C0}.Release|x86.Build.0 = Release|Win32
		{AA2DCC37-063D-8543-3D50-B0CEAD360644}.Release|x64.ActiveCfg = Release|x64
		{AA2DCC37-063D-8543-3D50-B0CEAD360644}.Release|x64.Build.0 = Release|x64
		{AA2DCC37-063D-8543-3D50-B0CEAD360644}.Release|x86.ActiveCfg = Release|Win32
		{AA2DCC37-063D-8543-3D50-B0CEAD360644}.Release|x86.Build.0 = Release|Win32
		{6FB33FF7-BB75-37D7-542A-E6B9D47CC10B}.Release|x64.ActiveCfg = Release|x64
		{6FB33FF7-BB75-37D7-542A-E6B9D47CC10B}.Release|x64.Build.0 = Release|x64
		{6FB33FF7-BB75-37D7-542A-E6B9D47CC10B}.Release|x86.ActiveCfg = Release|Win32
		{6FB33FF7-BB75-37D7-542A-E6B9D47CC10B}.Release|x86.Build.0 = Release|Win32
		{E43E2704-8F8C-9446-15E6-8DFD2839E284}.Release|x64.ActiveCfg = Release|x64
		{E43E2704-8F8C-9446-15E6-8DFD2839E284}.Release|x64.Build.0 = Release|x64
		{E43E2704-8F8C-9446-15E6-8DFD2839E284}.Release|x86.ActiveCfg = Release|Win32
		{E43E2704-8F8C-9446-15E6-8DFD2839E284}.Release|x86.Build.0 = Release|Win32
		{E12A8810-665C-FED7-9518-7BFB441CA0D5}.Release|x64.ActiveCfg = Release|x64
		{E12A8810-665C-FED7-9518-7BFB441CA0D5}.Release|x64.Build.0 = Release|x64
		{E12A8810-665C-FED7-9518-7BFB441CA0D5}.Release|x86.ActiveCfg = Release|Win32
		{E12A8810-665C-FED7-9518-7BFB441CA0D5}.Release|x86.Build.0 = Release|Win32
		{07B394DC-2AC7-EB37-DFE4-F2FC1F965641}.Release|x64.ActiveCfg = Release|x64
		{07B394DC-2AC7-EB37-DFE4-F2FC1F965641}.Release|x64.Build.0 = Release|x64
		{07B394DC-2AC7-EB37-DFE4-F2FC1F965641}.Release|x86.ActiveCfg = Release|Win32
		{07B394DC-2AC7-EB37-DFE4-F2FC1F965641}.Release|x86.Build.0 = Release|Win32
		{AB5AF622-D642-E93A-85C4-F2291FDE42E6}.Release|x64.ActiveCfg = Release|x64
		{AB5AF622-D642-E93A-85C4-F2291FDE42E6}.Release|x64.Build.0 = Release|x64
		{AB5AF622-D642-E93A-85C4-F2291FDE42E6}.Release|x86.ActiveCfg = Release|Win32
		{AB5AF622-D642-E93A-85C4-F2291FDE42E6}.Release|x86.Build.0 = Release|Win32
		{906D4744-FE02-0C17-E68C-3E3664261528}.Release|x64.ActiveCfg = Release|x64
		{906D4744-FE02-0C17-E68C-3E3664261528}.Release|x64.Build.0 = Release|x64
		{906D4744-FE02-0C17-E68C-3E3664261528}.Release|x86.ActiveCfg = Release|Win32
		{906D4744-FE02-0C17-E68C-3E3664261528}.Release|x86.Build.0 = Release|Win32
		{06E422DC-F924-6533-1B4A-310B2FE2CF44}.Release|x64.ActiveCfg = Release|x64
		{06E422DC-F924-6533-1B4A-310B2FE2CF44}.Release|x64.Build.0 = Release|x64
		{06E422DC-F924-6533-1B4A-310B2FE2CF44}.Release|x86.ActiveCfg = Release|Win32
		{06E422DC-F924-6533-1B4A-310B2FE2CF44}.Release|x86.Build.0 = Release|Win32
		{08C394B2-9D74-47F6-94CD-7940294FD10A}.Release|x64.ActiveCfg = Release|x64
		{08C394B2-9D74-47F6-94CD-7940294FD10A}.Release|x64.Build.0 = Release|x64
		{08C394B2-9D74-47F6-94CD-7940294FD10A}.Release|x86.ActiveCfg = Release|Win32
		{08C394B2-9D74-47F6-94CD-7940294FD10A}.Release|x86.Build.0 = Release|Win32
		{10D99519-AD54-4F32-1EEC-806E4017A127}.Release|x64.ActiveCfg = Release|x64
		{10D99519-AD54-4F32-1EEC-806E4017A127}.Release|x64.Build.0 = Release|x64
		{10D99519-AD54-4F32-1EEC-806E4017A127}.Release|x86.ActiveCfg = Release|Win32
		{10D99519-AD54-4F32-1EEC-806E4017A127}.Release|x86.Build.0 = Release|Win32
		{62CD1D75-C86D-43BF-032E-121C231F6B7D}.Release|x64.ActiveCfg = Release|x64
		{62CD1D75-C86D-43BF-032E-121C231F6B7D}.Release|x64.Build.0 = Release|x64
		{62CD1D75-C86D-43BF-032E-121C231F6B7D}.Release|x86.ActiveCfg = Release|Win32
		{62CD1D75-C86D-43BF-032E-121C231F6B7D}.Release|x86.Build.0 = Release|Win32
		{10D13080-0B7F-C257-6ACE-9B40EBD81F26}.Release|x64.ActiveCfg = Release|x64
		{10D13080-0B7F-C257-6ACE-9B40EBD81F26}.Release|x64.Build.0 = Release|x64
		{10D13080-0B7F-C257-6ACE-9B40EBD81F26}.Release|x86.ActiveCfg = Release|Win32
		{10D13080-0B7F-C257-6ACE-9B40EBD81F26}.Release|x86.Build.0 = Release|Win32
		{861CE1D1-C5E7-2265-A1D2-1361570A4454}.Release|x64.ActiveCfg = Release|x64
		{861CE1D1-C5E7-2265-A1D2-1361570A4454}.Release|x64.Build.0 = Release|x64
		{861CE1D1-C5E7-2265-A1D2-1361570A4454}.Release|x86.ActiveCfg = Release|Win32
		{861CE1D1-C5E7-2265-A1D2-1361570A4454}.Release|x86.Build.0 = Release|Win32
		{9D4C6D9F-2553-85A1-9DC1-A203BB2E578A}.Release|x64.ActiveCfg = Release|x64
		{9D4C6D9F-2553-85A1-9DC1-A203BB2E578A}.Release|x64.Build.0 = Release|x64
		{9D4C6D9F-2553-85A1-9DC1-A203BB2E578A}.Release|x86.ActiveCfg = Release|Win32
		{9D4C6D9F-2553-85A1-9DC1-A203BB2E578A}.Release|x86.Build.0 = Release|Win32
		{385B448B-8D4A-7D65-BA50-A382F2A26F03}.Release|x64.ActiveCfg = Release|x64
		{385B448B-8D4A-7D65-BA50-A382F2A26F03}.Release|x64.Build.0 = Release|x64
		{385B448B-8D4A-7D65-BA50-A382F2A26F03}.Release|x86.ActiveCfg = Release|Win32
		{385B448B-8D4A-7D65-BA50-A382F2A26F03}.Release|x86.Build.0 = Release|Win32
		{CFFCAC1D-E066-AF38-0426-2F01AF037F82}.Release|x64.ActiveCfg = Release|x64
		{CFFCAC1D-E066-AF38-0426-2F01AF037F82}.Release|x64.Build.0 = Release|x64
		{CFFCAC1D-E066-AF38-0426-2F01AF037F82}.Release|x86.ActiveCfg = Release|Win32
		{CFFCAC1D-E066-AF38-0426-2F01AF037F82}.Release|x86.Build.0 = Release|Win32
		{D6178ADE-EA34-FCEF-E9AB-AB1F64771718}.Release|x64.ActiveCfg = Release|x64
		{D6178ADE-EA34-FCEF-E9AB-AB1F64771718}.Release|x64.Build.0 = Release|x64
		{D6178ADE-EA34-FCEF-E9AB-AB1F64771718}.Release|x86.ActiveCfg = Release|Win32
		{D6178ADE-EA34-FCEF-E9AB-AB1F64771718}.Release|x86.Build.0 = Release|Win32
	EndGlobalSection
	GlobalSection(SolutionProperties) = preSolution
		HideSolutionNode = FALSE
	EndGlobalSection
EndGlobal
